// !$*UTF8*$!
{
	archiveVersion = 1;
	classes = {
	};
	objectVersion = 50;
	objects = {

/* Begin PBXBuildFile section */
		2C55AFEA269E307000D6DF28 /* AppDelegate.swift in Sources */ = {isa = PBXBuildFile; fileRef = 2C55AFE9269E307000D6DF28 /* AppDelegate.swift */; };
		2C55AFEC269E307000D6DF28 /* GameScene.sks in Resources */ = {isa = PBXBuildFile; fileRef = 2C55AFEB269E307000D6DF28 /* GameScene.sks */; };
		2C55AFF0269E307000D6DF28 /* GameScene.swift in Sources */ = {isa = PBXBuildFile; fileRef = 2C55AFEF269E307000D6DF28 /* GameScene.swift */; };
		2C55AFF2269E307000D6DF28 /* GameViewController.swift in Sources */ = {isa = PBXBuildFile; fileRef = 2C55AFF1269E307000D6DF28 /* GameViewController.swift */; };
		2C55AFF5269E307000D6DF28 /* Main.storyboard in Resources */ = {isa = PBXBuildFile; fileRef = 2C55AFF3269E307000D6DF28 /* Main.storyboard */; };
		2C55AFF7269E307100D6DF28 /* Assets.xcassets in Resources */ = {isa = PBXBuildFile; fileRef = 2C55AFF6269E307100D6DF28 /* Assets.xcassets */; };
		2C55B000269E321200D6DF28 /* Constants.swift in Sources */ = {isa = PBXBuildFile; fileRef = 2C55AFFF269E321200D6DF28 /* Constants.swift */; };
		2C55B003269E332000D6DF28 /* explosion.sks in Resources */ = {isa = PBXBuildFile; fileRef = 2C55B001269E332000D6DF28 /* explosion.sks */; };
		2C55B004269E332000D6DF28 /* starfield.sks in Resources */ = {isa = PBXBuildFile; fileRef = 2C55B002269E332000D6DF28 /* starfield.sks */; };
/* End PBXBuildFile section */

/* Begin PBXFileReference section */
		2C55AFE6269E307000D6DF28 /* Space Race.app */ = {isa = PBXFileReference; explicitFileType = wrapper.application; includeInIndex = 0; path = "Space Race.app"; sourceTree = BUILT_PRODUCTS_DIR; };
		2C55AFE9269E307000D6DF28 /* AppDelegate.swift */ = {isa = PBXFileReference; lastKnownFileType = sourcecode.swift; path = AppDelegate.swift; sourceTree = "<group>"; };
		2C55AFEB269E307000D6DF28 /* GameScene.sks */ = {isa = PBXFileReference; lastKnownFileType = file.sks; path = GameScene.sks; sourceTree = "<group>"; };
		2C55AFEF269E307000D6DF28 /* GameScene.swift */ = {isa = PBXFileReference; lastKnownFileType = sourcecode.swift; path = GameScene.swift; sourceTree = "<group>"; };
		2C55AFF1269E307000D6DF28 /* GameViewController.swift */ = {isa = PBXFileReference; lastKnownFileType = sourcecode.swift; path = GameViewController.swift; sourceTree = "<group>"; };
		2C55AFF4269E307000D6DF28 /* Base */ = {isa = PBXFileReference; lastKnownFileType = file.storyboard; name = Base; path = Base.lproj/Main.storyboard; sourceTree = "<group>"; };
		2C55AFF6269E307100D6DF28 /* Assets.xcassets */ = {isa = PBXFileReference; lastKnownFileType = folder.assetcatalog; path = Assets.xcassets; sourceTree = "<group>"; };
		2C55AFF8269E307100D6DF28 /* Info.plist */ = {isa = PBXFileReference; lastKnownFileType = text.plist.xml; path = Info.plist; sourceTree = "<group>"; };
		2C55AFFF269E321200D6DF28 /* Constants.swift */ = {isa = PBXFileReference; lastKnownFileType = sourcecode.swift; path = Constants.swift; sourceTree = "<group>"; };
		2C55B001269E332000D6DF28 /* explosion.sks */ = {isa = PBXFileReference; lastKnownFileType = file.sks; path = explosion.sks; sourceTree = "<group>"; };
		2C55B002269E332000D6DF28 /* starfield.sks */ = {isa = PBXFileReference; lastKnownFileType = file.sks; path = starfield.sks; sourceTree = "<group>"; };
/* End PBXFileReference section */

/* Begin PBXFrameworksBuildPhase section */
		2C55AFE3269E307000D6DF28 /* Frameworks */ = {
			isa = PBXFrameworksBuildPhase;
			buildActionMask = 2147483647;
			files = (
			);
			runOnlyForDeploymentPostprocessing = 0;
		};
/* End PBXFrameworksBuildPhase section */

/* Begin PBXGroup section */
		2C55AFDD269E307000D6DF28 = {
			isa = PBXGroup;
			children = (
				2C55AFE8269E307000D6DF28 /* Space Race */,
				2C55AFE7269E307000D6DF28 /* Products */,
			);
			sourceTree = "<group>";
		};
		2C55AFE7269E307000D6DF28 /* Products */ = {
			isa = PBXGroup;
			children = (
				2C55AFE6269E307000D6DF28 /* Space Race.app */,
			);
			name = Products;
			sourceTree = "<group>";
		};
		2C55AFE8269E307000D6DF28 /* Space Race */ = {
			isa = PBXGroup;
			children = (
				2C55AFEB269E307000D6DF28 /* GameScene.sks */,
				2C55AFEF269E307000D6DF28 /* GameScene.swift */,
				2C55AFF1269E307000D6DF28 /* GameViewController.swift */,
				2C55B006269E33C400D6DF28 /* Utilities */,
				2C55B005269E332900D6DF28 /* Effects */,
				2C55B007269E33D700D6DF28 /* Support */,
			);
			path = "Space Race";
			sourceTree = "<group>";
		};
		2C55B005269E332900D6DF28 /* Effects */ = {
			isa = PBXGroup;
			children = (
				2C55B001269E332000D6DF28 /* explosion.sks */,
				2C55B002269E332000D6DF28 /* starfield.sks */,
			);
			path = Effects;
			sourceTree = "<group>";
		};
		2C55B006269E33C400D6DF28 /* Utilities */ = {
			isa = PBXGroup;
			children = (
				2C55AFFF269E321200D6DF28 /* Constants.swift */,
			);
			path = Utilities;
			sourceTree = "<group>";
		};
		2C55B007269E33D700D6DF28 /* Support */ = {
			isa = PBXGroup;
			children = (
				2C55AFE9269E307000D6DF28 /* AppDelegate.swift */,
				2C55AFF6269E307100D6DF28 /* Assets.xcassets */,
				2C55AFF3269E307000D6DF28 /* Main.storyboard */,
				2C55AFF8269E307100D6DF28 /* Info.plist */,
			);
			path = Support;
			sourceTree = "<group>";
		};
/* End PBXGroup section */

/* Begin PBXNativeTarget section */
		2C55AFE5269E307000D6DF28 /* Space Race */ = {
			isa = PBXNativeTarget;
			buildConfigurationList = 2C55AFFB269E307100D6DF28 /* Build configuration list for PBXNativeTarget "Space Race" */;
			buildPhases = (
				2C55AFE2269E307000D6DF28 /* Sources */,
				2C55AFE3269E307000D6DF28 /* Frameworks */,
				2C55AFE4269E307000D6DF28 /* Resources */,
			);
			buildRules = (
			);
			dependencies = (
			);
			name = "Space Race";
			productName = "Space Race";
			productReference = 2C55AFE6269E307000D6DF28 /* Space Race.app */;
			productType = "com.apple.product-type.application";
		};
/* End PBXNativeTarget section */

/* Begin PBXProject section */
		2C55AFDE269E307000D6DF28 /* Project object */ = {
			isa = PBXProject;
			attributes = {
				LastSwiftUpdateCheck = 1250;
				LastUpgradeCheck = 1250;
				TargetAttributes = {
					2C55AFE5269E307000D6DF28 = {
						CreatedOnToolsVersion = 12.5.1;
					};
				};
			};
			buildConfigurationList = 2C55AFE1269E307000D6DF28 /* Build configuration list for PBXProject "Space Race" */;
			compatibilityVersion = "Xcode 9.3";
			developmentRegion = en;
			hasScannedForEncodings = 0;
			knownRegions = (
				en,
				Base,
			);
			mainGroup = 2C55AFDD269E307000D6DF28;
			productRefGroup = 2C55AFE7269E307000D6DF28 /* Products */;
			projectDirPath = "";
			projectRoot = "";
			targets = (
				2C55AFE5269E307000D6DF28 /* Space Race */,
			);
		};
/* End PBXProject section */

/* Begin PBXResourcesBuildPhase section */
		2C55AFE4269E307000D6DF28 /* Resources */ = {
			isa = PBXResourcesBuildPhase;
			buildActionMask = 2147483647;
			files = (
				2C55AFF5269E307000D6DF28 /* Main.storyboard in Resources */,
				2C55AFEC269E307000D6DF28 /* GameScene.sks in Resources */,
				2C55AFF7269E307100D6DF28 /* Assets.xcassets in Resources */,
				2C55B003269E332000D6DF28 /* explosion.sks in Resources */,
				2C55B004269E332000D6DF28 /* starfield.sks in Resources */,
			);
			runOnlyForDeploymentPostprocessing = 0;
		};
/* End PBXResourcesBuildPhase section */

/* Begin PBXSourcesBuildPhase section */
		2C55AFE2269E307000D6DF28 /* Sources */ = {
			isa = PBXSourcesBuildPhase;
			buildActionMask = 2147483647;
			files = (
				2C55AFF0269E307000D6DF28 /* GameScene.swift in Sources */,
				2C55AFF2269E307000D6DF28 /* GameViewController.swift in Sources */,
				2C55AFEA269E307000D6DF28 /* AppDelegate.swift in Sources */,
				2C55B000269E321200D6DF28 /* Constants.swift in Sources */,
			);
			runOnlyForDeploymentPostprocessing = 0;
		};
/* End PBXSourcesBuildPhase section */

/* Begin PBXVariantGroup section */
		2C55AFF3269E307000D6DF28 /* Main.storyboard */ = {
			isa = PBXVariantGroup;
			children = (
				2C55AFF4269E307000D6DF28 /* Base */,
			);
			name = Main.storyboard;
			sourceTree = "<group>";
		};
/* End PBXVariantGroup section */

/* Begin XCBuildConfiguration section */
		2C55AFF9269E307100D6DF28 /* Debug */ = {
			isa = XCBuildConfiguration;
			buildSettings = {
				ALWAYS_SEARCH_USER_PATHS = NO;
				CLANG_ANALYZER_NONNULL = YES;
				CLANG_ANALYZER_NUMBER_OBJECT_CONVERSION = YES_AGGRESSIVE;
				CLANG_CXX_LANGUAGE_STANDARD = "gnu++14";
				CLANG_CXX_LIBRARY = "libc++";
				CLANG_ENABLE_MODULES = YES;
				CLANG_ENABLE_OBJC_ARC = YES;
				CLANG_ENABLE_OBJC_WEAK = YES;
				CLANG_WARN_BLOCK_CAPTURE_AUTORELEASING = YES;
				CLANG_WARN_BOOL_CONVERSION = YES;
				CLANG_WARN_COMMA = YES;
				CLANG_WARN_CONSTANT_CONVERSION = YES;
				CLANG_WARN_DEPRECATED_OBJC_IMPLEMENTATIONS = YES;
				CLANG_WARN_DIRECT_OBJC_ISA_USAGE = YES_ERROR;
				CLANG_WARN_DOCUMENTATION_COMMENTS = YES;
				CLANG_WARN_EMPTY_BODY = YES;
				CLANG_WARN_ENUM_CONVERSION = YES;
				CLANG_WARN_INFINITE_RECURSION = YES;
				CLANG_WARN_INT_CONVERSION = YES;
				CLANG_WARN_NON_LITERAL_NULL_CONVERSION = YES;
				CLANG_WARN_OBJC_IMPLICIT_RETAIN_SELF = YES;
				CLANG_WARN_OBJC_LITERAL_CONVERSION = YES;
				CLANG_WARN_OBJC_ROOT_CLASS = YES_ERROR;
				CLANG_WARN_QUOTED_INCLUDE_IN_FRAMEWORK_HEADER = YES;
				CLANG_WARN_RANGE_LOOP_ANALYSIS = YES;
				CLANG_WARN_STRICT_PROTOTYPES = YES;
				CLANG_WARN_SUSPICIOUS_MOVE = YES;
				CLANG_WARN_UNGUARDED_AVAILABILITY = YES_AGGRESSIVE;
				CLANG_WARN_UNREACHABLE_CODE = YES;
				CLANG_WARN__DUPLICATE_METHOD_MATCH = YES;
				COPY_PHASE_STRIP = NO;
				DEBUG_INFORMATION_FORMAT = dwarf;
				ENABLE_STRICT_OBJC_MSGSEND = YES;
				ENABLE_TESTABILITY = YES;
				GCC_C_LANGUAGE_STANDARD = gnu11;
				GCC_DYNAMIC_NO_PIC = NO;
				GCC_NO_COMMON_BLOCKS = YES;
				GCC_OPTIMIZATION_LEVEL = 0;
				GCC_PREPROCESSOR_DEFINITIONS = (
					"DEBUG=1",
					"$(inherited)",
				);
				GCC_WARN_64_TO_32_BIT_CONVERSION = YES;
				GCC_WARN_ABOUT_RETURN_TYPE = YES_ERROR;
				GCC_WARN_UNDECLARED_SELECTOR = YES;
				GCC_WARN_UNINITIALIZED_AUTOS = YES_AGGRESSIVE;
				GCC_WARN_UNUSED_FUNCTION = YES;
				GCC_WARN_UNUSED_VARIABLE = YES;
				IPHONEOS_DEPLOYMENT_TARGET = 13.0;
				MTL_ENABLE_DEBUG_INFO = INCLUDE_SOURCE;
				MTL_FAST_MATH = YES;
				ONLY_ACTIVE_ARCH = YES;
				SDKROOT = iphoneos;
				SWIFT_ACTIVE_COMPILATION_CONDITIONS = DEBUG;
				SWIFT_OPTIMIZATION_LEVEL = "-Onone";
			};
			name = Debug;
		};
		2C55AFFA269E307100D6DF28 /* Release */ = {
			isa = XCBuildConfiguration;
			buildSettings = {
				ALWAYS_SEARCH_USER_PATHS = NO;
				CLANG_ANALYZER_NONNULL = YES;
				CLANG_ANALYZER_NUMBER_OBJECT_CONVERSION = YES_AGGRESSIVE;
				CLANG_CXX_LANGUAGE_STANDARD = "gnu++14";
				CLANG_CXX_LIBRARY = "libc++";
				CLANG_ENABLE_MODULES = YES;
				CLANG_ENABLE_OBJC_ARC = YES;
				CLANG_ENABLE_OBJC_WEAK = YES;
				CLANG_WARN_BLOCK_CAPTURE_AUTORELEASING = YES;
				CLANG_WARN_BOOL_CONVERSION = YES;
				CLANG_WARN_COMMA = YES;
				CLANG_WARN_CONSTANT_CONVERSION = YES;
				CLANG_WARN_DEPRECATED_OBJC_IMPLEMENTATIONS = YES;
				CLANG_WARN_DIRECT_OBJC_ISA_USAGE = YES_ERROR;
				CLANG_WARN_DOCUMENTATION_COMMENTS = YES;
				CLANG_WARN_EMPTY_BODY = YES;
				CLANG_WARN_ENUM_CONVERSION = YES;
				CLANG_WARN_INFINITE_RECURSION = YES;
				CLANG_WARN_INT_CONVERSION = YES;
				CLANG_WARN_NON_LITERAL_NULL_CONVERSION = YES;
				CLANG_WARN_OBJC_IMPLICIT_RETAIN_SELF = YES;
				CLANG_WARN_OBJC_LITERAL_CONVERSION = YES;
				CLANG_WARN_OBJC_ROOT_CLASS = YES_ERROR;
				CLANG_WARN_QUOTED_INCLUDE_IN_FRAMEWORK_HEADER = YES;
				CLANG_WARN_RANGE_LOOP_ANALYSIS = YES;
				CLANG_WARN_STRICT_PROTOTYPES = YES;
				CLANG_WARN_SUSPICIOUS_MOVE = YES;
				CLANG_WARN_UNGUARDED_AVAILABILITY = YES_AGGRESSIVE;
				CLANG_WARN_UNREACHABLE_CODE = YES;
				CLANG_WARN__DUPLICATE_METHOD_MATCH = YES;
				COPY_PHASE_STRIP = NO;
				DEBUG_INFORMATION_FORMAT = "dwarf-with-dsym";
				ENABLE_NS_ASSERTIONS = NO;
				ENABLE_STRICT_OBJC_MSGSEND = YES;
				GCC_C_LANGUAGE_STANDARD = gnu11;
				GCC_NO_COMMON_BLOCKS = YES;
				GCC_WARN_64_TO_32_BIT_CONVERSION = YES;
				GCC_WARN_ABOUT_RETURN_TYPE = YES_ERROR;
				GCC_WARN_UNDECLARED_SELECTOR = YES;
				GCC_WARN_UNINITIALIZED_AUTOS = YES_AGGRESSIVE;
				GCC_WARN_UNUSED_FUNCTION = YES;
				GCC_WARN_UNUSED_VARIABLE = YES;
				IPHONEOS_DEPLOYMENT_TARGET = 13.0;
				MTL_ENABLE_DEBUG_INFO = NO;
				MTL_FAST_MATH = YES;
				SDKROOT = iphoneos;
				SWIFT_COMPILATION_MODE = wholemodule;
				SWIFT_OPTIMIZATION_LEVEL = "-O";
				VALIDATE_PRODUCT = YES;
			};
			name = Release;
		};
		2C55AFFC269E307100D6DF28 /* Debug */ = {
			isa = XCBuildConfiguration;
			buildSettings = {
				ASSETCATALOG_COMPILER_APPICON_NAME = AppIcon;
				ASSETCATALOG_COMPILER_GLOBAL_ACCENT_COLOR_NAME = AccentColor;
				CODE_SIGN_STYLE = Automatic;
				INFOPLIST_FILE = "Space Race/Support/Info.plist";
				IPHONEOS_DEPLOYMENT_TARGET = 13.0;
				LD_RUNPATH_SEARCH_PATHS = (
					"$(inherited)",
					"@executable_path/Frameworks",
				);
				PRODUCT_BUNDLE_IDENTIFIER = "com.joepham.Space-Race";
				PRODUCT_NAME = "$(TARGET_NAME)";
				SWIFT_VERSION = 5.0;
				TARGETED_DEVICE_FAMILY = 2;
			};
			name = Debug;
		};
		2C55AFFD269E307100D6DF28 /* Release */ = {
			isa = XCBuildConfiguration;
			buildSettings = {
				ASSETCATALOG_COMPILER_APPICON_NAME = AppIcon;
				ASSETCATALOG_COMPILER_GLOBAL_ACCENT_COLOR_NAME = AccentColor;
				CODE_SIGN_STYLE = Automatic;
				INFOPLIST_FILE = "Space Race/Support/Info.plist";
				IPHONEOS_DEPLOYMENT_TARGET = 13.0;
				LD_RUNPATH_SEARCH_PATHS = (
					"$(inherited)",
					"@executable_path/Frameworks",
				);
				PRODUCT_BUNDLE_IDENTIFIER = "com.joepham.Space-Race";
				PRODUCT_NAME = "$(TARGET_NAME)";
				SWIFT_VERSION = 5.0;
				TARGETED_DEVICE_FAMILY = 2;
			};
			name = Release;
		};
/* End XCBuildConfiguration section */

/* Begin XCConfigurationList section */
		2C55AFE1269E307000D6DF28 /* Build configuration list for PBXProject "Space Race" */ = {
			isa = XCConfigurationList;
			buildConfigurations = (
				2C55AFF9269E307100D6DF28 /* Debug */,
				2C55AFFA269E307100D6DF28 /* Release */,
			);
			defaultConfigurationIsVisible = 0;
			defaultConfigurationName = Release;
		};
		2C55AFFB269E307100D6DF28 /* Build configuration list for PBXNativeTarget "Space Race" */ = {
			isa = XCConfigurationList;
			buildConfigurations = (
				2C55AFFC269E307100D6DF28 /* Debug */,
				2C55AFFD269E307100D6DF28 /* Release */,
			);
			defaultConfigurationIsVisible = 0;
			defaultConfigurationName = Release;
		};
/* End XCConfigurationList section */
	};
	rootObject = 2C55AFDE269E307000D6DF28 /* Project object */;
}
