// !$*UTF8*$!
{
	archiveVersion = 1;
	classes = {
	};
	objectVersion = 50;
	objects = {

/* Begin PBXBuildFile section */
		2C0365BF25B936580079A64B /* AppDelegate.swift in Sources */ = {isa = PBXBuildFile; fileRef = 2C0365BE25B936580079A64B /* AppDelegate.swift */; };
		2C0365C125B936580079A64B /* SceneDelegate.swift in Sources */ = {isa = PBXBuildFile; fileRef = 2C0365C025B936580079A64B /* SceneDelegate.swift */; };
		2C0365C325B936580079A64B /* ViewController.swift in Sources */ = {isa = PBXBuildFile; fileRef = 2C0365C225B936580079A64B /* ViewController.swift */; };
		2C0365C625B936580079A64B /* Main.storyboard in Resources */ = {isa = PBXBuildFile; fileRef = 2C0365C425B936580079A64B /* Main.storyboard */; };
		2C0365C825B936590079A64B /* Assets.xcassets in Resources */ = {isa = PBXBuildFile; fileRef = 2C0365C725B936590079A64B /* Assets.xcassets */; };
		2C0365CB25B936590079A64B /* LaunchScreen.storyboard in Resources */ = {isa = PBXBuildFile; fileRef = 2C0365C925B936590079A64B /* LaunchScreen.storyboard */; };
		2C3511B025BE46B90006D8E0 /* level2.txt in Resources */ = {isa = PBXBuildFile; fileRef = 2C3511AE25BE46B90006D8E0 /* level2.txt */; };
		2C3511B125BE46B90006D8E0 /* level1.txt in Resources */ = {isa = PBXBuildFile; fileRef = 2C3511AF25BE46B90006D8E0 /* level1.txt */; };
		2C35DB3226536D06002E3CA8 /* ButtonsTapped.swift in Sources */ = {isa = PBXBuildFile; fileRef = 2C35DB3126536D06002E3CA8 /* ButtonsTapped.swift */; };
		2C35DB3526536D4C002E3CA8 /* Utils.swift in Sources */ = {isa = PBXBuildFile; fileRef = 2C35DB3426536D4C002E3CA8 /* Utils.swift */; };
		2C35DB3826537057002E3CA8 /* GameLayout.swift in Sources */ = {isa = PBXBuildFile; fileRef = 2C35DB3726537057002E3CA8 /* GameLayout.swift */; };
/* End PBXBuildFile section */

/* Begin PBXFileReference section */
		2C0365BB25B936580079A64B /* Project8.app */ = {isa = PBXFileReference; explicitFileType = wrapper.application; includeInIndex = 0; path = Project8.app; sourceTree = BUILT_PRODUCTS_DIR; };
		2C0365BE25B936580079A64B /* AppDelegate.swift */ = {isa = PBXFileReference; lastKnownFileType = sourcecode.swift; path = AppDelegate.swift; sourceTree = "<group>"; };
		2C0365C025B936580079A64B /* SceneDelegate.swift */ = {isa = PBXFileReference; lastKnownFileType = sourcecode.swift; path = SceneDelegate.swift; sourceTree = "<group>"; };
		2C0365C225B936580079A64B /* ViewController.swift */ = {isa = PBXFileReference; lastKnownFileType = sourcecode.swift; path = ViewController.swift; sourceTree = "<group>"; };
		2C0365C525B936580079A64B /* Base */ = {isa = PBXFileReference; lastKnownFileType = file.storyboard; name = Base; path = Base.lproj/Main.storyboard; sourceTree = "<group>"; };
		2C0365C725B936590079A64B /* Assets.xcassets */ = {isa = PBXFileReference; lastKnownFileType = folder.assetcatalog; path = Assets.xcassets; sourceTree = "<group>"; };
		2C0365CA25B936590079A64B /* Base */ = {isa = PBXFileReference; lastKnownFileType = file.storyboard; name = Base; path = Base.lproj/LaunchScreen.storyboard; sourceTree = "<group>"; };
		2C0365CC25B936590079A64B /* Info.plist */ = {isa = PBXFileReference; lastKnownFileType = text.plist.xml; path = Info.plist; sourceTree = "<group>"; };
		2C3511AE25BE46B90006D8E0 /* level2.txt */ = {isa = PBXFileReference; fileEncoding = 4; lastKnownFileType = text; path = level2.txt; sourceTree = "<group>"; };
		2C3511AF25BE46B90006D8E0 /* level1.txt */ = {isa = PBXFileReference; fileEncoding = 4; lastKnownFileType = text; path = level1.txt; sourceTree = "<group>"; };
		2C35DB3126536D06002E3CA8 /* ButtonsTapped.swift */ = {isa = PBXFileReference; lastKnownFileType = sourcecode.swift; path = ButtonsTapped.swift; sourceTree = "<group>"; };
		2C35DB3426536D4C002E3CA8 /* Utils.swift */ = {isa = PBXFileReference; lastKnownFileType = sourcecode.swift; path = Utils.swift; sourceTree = "<group>"; };
		2C35DB3726537057002E3CA8 /* GameLayout.swift */ = {isa = PBXFileReference; lastKnownFileType = sourcecode.swift; path = GameLayout.swift; sourceTree = "<group>"; };
/* End PBXFileReference section */

/* Begin PBXFrameworksBuildPhase section */
		2C0365B825B936580079A64B /* Frameworks */ = {
			isa = PBXFrameworksBuildPhase;
			buildActionMask = 2147483647;
			files = (
			);
			runOnlyForDeploymentPostprocessing = 0;
		};
/* End PBXFrameworksBuildPhase section */

/* Begin PBXGroup section */
		2C0365B225B936580079A64B = {
			isa = PBXGroup;
			children = (
				2C0365BD25B936580079A64B /* Project8 */,
				2C0365BC25B936580079A64B /* Products */,
			);
			sourceTree = "<group>";
		};
		2C0365BC25B936580079A64B /* Products */ = {
			isa = PBXGroup;
			children = (
				2C0365BB25B936580079A64B /* Project8.app */,
			);
			name = Products;
			sourceTree = "<group>";
		};
		2C0365BD25B936580079A64B /* Project8 */ = {
			isa = PBXGroup;
			children = (
				2C0365BE25B936580079A64B /* AppDelegate.swift */,
				2C0365C025B936580079A64B /* SceneDelegate.swift */,
				2C0365C225B936580079A64B /* ViewController.swift */,
				2C35DB3726537057002E3CA8 /* GameLayout.swift */,
				2C35DB3126536D06002E3CA8 /* ButtonsTapped.swift */,
				2C35DB3426536D4C002E3CA8 /* Utils.swift */,
				2C0365C425B936580079A64B /* Main.storyboard */,
				2C0365C725B936590079A64B /* Assets.xcassets */,
				2C0365C925B936590079A64B /* LaunchScreen.storyboard */,
				2C0365CC25B936590079A64B /* Info.plist */,
				2C3511AF25BE46B90006D8E0 /* level1.txt */,
				2C3511AE25BE46B90006D8E0 /* level2.txt */,
			);
			path = Project8;
			sourceTree = "<group>";
		};
/* End PBXGroup section */

/* Begin PBXNativeTarget section */
		2C0365BA25B936580079A64B /* Project8 */ = {
			isa = PBXNativeTarget;
			buildConfigurationList = 2C0365CF25B936590079A64B /* Build configuration list for PBXNativeTarget "Project8" */;
			buildPhases = (
				2C0365B725B936580079A64B /* Sources */,
				2C0365B825B936580079A64B /* Frameworks */,
				2C0365B925B936580079A64B /* Resources */,
			);
			buildRules = (
			);
			dependencies = (
			);
			name = Project8;
			productName = Project8;
			productReference = 2C0365BB25B936580079A64B /* Project8.app */;
			productType = "com.apple.product-type.application";
		};
/* End PBXNativeTarget section */

/* Begin PBXProject section */
		2C0365B325B936580079A64B /* Project object */ = {
			isa = PBXProject;
			attributes = {
				LastSwiftUpdateCheck = 1230;
				LastUpgradeCheck = 1230;
				TargetAttributes = {
					2C0365BA25B936580079A64B = {
						CreatedOnToolsVersion = 12.3;
					};
				};
			};
			buildConfigurationList = 2C0365B625B936580079A64B /* Build configuration list for PBXProject "Project8" */;
			compatibilityVersion = "Xcode 9.3";
			developmentRegion = en;
			hasScannedForEncodings = 0;
			knownRegions = (
				en,
				Base,
			);
			mainGroup = 2C0365B225B936580079A64B;
			productRefGroup = 2C0365BC25B936580079A64B /* Products */;
			projectDirPath = "";
			projectRoot = "";
			targets = (
				2C0365BA25B936580079A64B /* Project8 */,
			);
		};
/* End PBXProject section */

/* Begin PBXResourcesBuildPhase section */
		2C0365B925B936580079A64B /* Resources */ = {
			isa = PBXResourcesBuildPhase;
			buildActionMask = 2147483647;
			files = (
				2C3511B125BE46B90006D8E0 /* level1.txt in Resources */,
				2C0365CB25B936590079A64B /* LaunchScreen.storyboard in Resources */,
				2C0365C825B936590079A64B /* Assets.xcassets in Resources */,
				2C3511B025BE46B90006D8E0 /* level2.txt in Resources */,
				2C0365C625B936580079A64B /* Main.storyboard in Resources */,
			);
			runOnlyForDeploymentPostprocessing = 0;
		};
/* End PBXResourcesBuildPhase section */

/* Begin PBXSourcesBuildPhase section */
		2C0365B725B936580079A64B /* Sources */ = {
			isa = PBXSourcesBuildPhase;
			buildActionMask = 2147483647;
			files = (
				2C35DB3526536D4C002E3CA8 /* Utils.swift in Sources */,
				2C35DB3826537057002E3CA8 /* GameLayout.swift in Sources */,
				2C0365C325B936580079A64B /* ViewController.swift in Sources */,
				2C0365BF25B936580079A64B /* AppDelegate.swift in Sources */,
				2C0365C125B936580079A64B /* SceneDelegate.swift in Sources */,
				2C35DB3226536D06002E3CA8 /* ButtonsTapped.swift in Sources */,
			);
			runOnlyForDeploymentPostprocessing = 0;
		};
/* End PBXSourcesBuildPhase section */

/* Begin PBXVariantGroup section */
		2C0365C425B936580079A64B /* Main.storyboard */ = {
			isa = PBXVariantGroup;
			children = (
				2C0365C525B936580079A64B /* Base */,
			);
			name = Main.storyboard;
			sourceTree = "<group>";
		};
		2C0365C925B936590079A64B /* LaunchScreen.storyboard */ = {
			isa = PBXVariantGroup;
			children = (
				2C0365CA25B936590079A64B /* Base */,
			);
			name = LaunchScreen.storyboard;
			sourceTree = "<group>";
		};
/* End PBXVariantGroup section */

/* Begin XCBuildConfiguration section */
		2C0365CD25B936590079A64B /* Debug */ = {
			isa = XCBuildConfiguration;
			buildSettings = {
				ALWAYS_SEARCH_USER_PATHS = NO;
				CLANG_ANALYZER_NONNULL = YES;
				CLANG_ANALYZER_NUMBER_OBJECT_CONVERSION = YES_AGGRESSIVE;
				CLANG_CXX_LANGUAGE_STANDARD = "gnu++14";
				CLANG_CXX_LIBRARY = "libc++";
				CLANG_ENABLE_MODULES = YES;
				CLANG_ENABLE_OBJC_ARC = YES;
				CLANG_ENABLE_OBJC_WEAK = YES;
				CLANG_WARN_BLOCK_CAPTURE_AUTORELEASING = YES;
				CLANG_WARN_BOOL_CONVERSION = YES;
				CLANG_WARN_COMMA = YES;
				CLANG_WARN_CONSTANT_CONVERSION = YES;
				CLANG_WARN_DEPRECATED_OBJC_IMPLEMENTATIONS = YES;
				CLANG_WARN_DIRECT_OBJC_ISA_USAGE = YES_ERROR;
				CLANG_WARN_DOCUMENTATION_COMMENTS = YES;
				CLANG_WARN_EMPTY_BODY = YES;
				CLANG_WARN_ENUM_CONVERSION = YES;
				CLANG_WARN_INFINITE_RECURSION = YES;
				CLANG_WARN_INT_CONVERSION = YES;
				CLANG_WARN_NON_LITERAL_NULL_CONVERSION = YES;
				CLANG_WARN_OBJC_IMPLICIT_RETAIN_SELF = YES;
				CLANG_WARN_OBJC_LITERAL_CONVERSION = YES;
				CLANG_WARN_OBJC_ROOT_CLASS = YES_ERROR;
				CLANG_WARN_QUOTED_INCLUDE_IN_FRAMEWORK_HEADER = YES;
				CLANG_WARN_RANGE_LOOP_ANALYSIS = YES;
				CLANG_WARN_STRICT_PROTOTYPES = YES;
				CLANG_WARN_SUSPICIOUS_MOVE = YES;
				CLANG_WARN_UNGUARDED_AVAILABILITY = YES_AGGRESSIVE;
				CLANG_WARN_UNREACHABLE_CODE = YES;
				CLANG_WARN__DUPLICATE_METHOD_MATCH = YES;
				COPY_PHASE_STRIP = NO;
				DEBUG_INFORMATION_FORMAT = dwarf;
				ENABLE_STRICT_OBJC_MSGSEND = YES;
				ENABLE_TESTABILITY = YES;
				GCC_C_LANGUAGE_STANDARD = gnu11;
				GCC_DYNAMIC_NO_PIC = NO;
				GCC_NO_COMMON_BLOCKS = YES;
				GCC_OPTIMIZATION_LEVEL = 0;
				GCC_PREPROCESSOR_DEFINITIONS = (
					"DEBUG=1",
					"$(inherited)",
				);
				GCC_WARN_64_TO_32_BIT_CONVERSION = YES;
				GCC_WARN_ABOUT_RETURN_TYPE = YES_ERROR;
				GCC_WARN_UNDECLARED_SELECTOR = YES;
				GCC_WARN_UNINITIALIZED_AUTOS = YES_AGGRESSIVE;
				GCC_WARN_UNUSED_FUNCTION = YES;
				GCC_WARN_UNUSED_VARIABLE = YES;
				IPHONEOS_DEPLOYMENT_TARGET = 14.3;
				MTL_ENABLE_DEBUG_INFO = INCLUDE_SOURCE;
				MTL_FAST_MATH = YES;
				ONLY_ACTIVE_ARCH = YES;
				SDKROOT = iphoneos;
				SWIFT_ACTIVE_COMPILATION_CONDITIONS = DEBUG;
				SWIFT_OPTIMIZATION_LEVEL = "-Onone";
			};
			name = Debug;
		};
		2C0365CE25B936590079A64B /* Release */ = {
			isa = XCBuildConfiguration;
			buildSettings = {
				ALWAYS_SEARCH_USER_PATHS = NO;
				CLANG_ANALYZER_NONNULL = YES;
				CLANG_ANALYZER_NUMBER_OBJECT_CONVERSION = YES_AGGRESSIVE;
				CLANG_CXX_LANGUAGE_STANDARD = "gnu++14";
				CLANG_CXX_LIBRARY = "libc++";
				CLANG_ENABLE_MODULES = YES;
				CLANG_ENABLE_OBJC_ARC = YES;
				CLANG_ENABLE_OBJC_WEAK = YES;
				CLANG_WARN_BLOCK_CAPTURE_AUTORELEASING = YES;
				CLANG_WARN_BOOL_CONVERSION = YES;
				CLANG_WARN_COMMA = YES;
				CLANG_WARN_CONSTANT_CONVERSION = YES;
				CLANG_WARN_DEPRECATED_OBJC_IMPLEMENTATIONS = YES;
				CLANG_WARN_DIRECT_OBJC_ISA_USAGE = YES_ERROR;
				CLANG_WARN_DOCUMENTATION_COMMENTS = YES;
				CLANG_WARN_EMPTY_BODY = YES;
				CLANG_WARN_ENUM_CONVERSION = YES;
				CLANG_WARN_INFINITE_RECURSION = YES;
				CLANG_WARN_INT_CONVERSION = YES;
				CLANG_WARN_NON_LITERAL_NULL_CONVERSION = YES;
				CLANG_WARN_OBJC_IMPLICIT_RETAIN_SELF = YES;
				CLANG_WARN_OBJC_LITERAL_CONVERSION = YES;
				CLANG_WARN_OBJC_ROOT_CLASS = YES_ERROR;
				CLANG_WARN_QUOTED_INCLUDE_IN_FRAMEWORK_HEADER = YES;
				CLANG_WARN_RANGE_LOOP_ANALYSIS = YES;
				CLANG_WARN_STRICT_PROTOTYPES = YES;
				CLANG_WARN_SUSPICIOUS_MOVE = YES;
				CLANG_WARN_UNGUARDED_AVAILABILITY = YES_AGGRESSIVE;
				CLANG_WARN_UNREACHABLE_CODE = YES;
				CLANG_WARN__DUPLICATE_METHOD_MATCH = YES;
				COPY_PHASE_STRIP = NO;
				DEBUG_INFORMATION_FORMAT = "dwarf-with-dsym";
				ENABLE_NS_ASSERTIONS = NO;
				ENABLE_STRICT_OBJC_MSGSEND = YES;
				GCC_C_LANGUAGE_STANDARD = gnu11;
				GCC_NO_COMMON_BLOCKS = YES;
				GCC_WARN_64_TO_32_BIT_CONVERSION = YES;
				GCC_WARN_ABOUT_RETURN_TYPE = YES_ERROR;
				GCC_WARN_UNDECLARED_SELECTOR = YES;
				GCC_WARN_UNINITIALIZED_AUTOS = YES_AGGRESSIVE;
				GCC_WARN_UNUSED_FUNCTION = YES;
				GCC_WARN_UNUSED_VARIABLE = YES;
				IPHONEOS_DEPLOYMENT_TARGET = 14.3;
				MTL_ENABLE_DEBUG_INFO = NO;
				MTL_FAST_MATH = YES;
				SDKROOT = iphoneos;
				SWIFT_COMPILATION_MODE = wholemodule;
				SWIFT_OPTIMIZATION_LEVEL = "-O";
				VALIDATE_PRODUCT = YES;
			};
			name = Release;
		};
		2C0365D025B936590079A64B /* Debug */ = {
			isa = XCBuildConfiguration;
			buildSettings = {
				ASSETCATALOG_COMPILER_APPICON_NAME = AppIcon;
				ASSETCATALOG_COMPILER_GLOBAL_ACCENT_COLOR_NAME = AccentColor;
				CODE_SIGN_STYLE = Automatic;
				DEVELOPMENT_TEAM = 8R3P49X4ZM;
				INFOPLIST_FILE = Project8/Info.plist;
				LD_RUNPATH_SEARCH_PATHS = (
					"$(inherited)",
					"@executable_path/Frameworks",
				);
				PRODUCT_BUNDLE_IDENTIFIER = joepham.Project8;
				PRODUCT_NAME = "$(TARGET_NAME)";
				SWIFT_VERSION = 5.0;
				TARGETED_DEVICE_FAMILY = 2;
			};
			name = Debug;
		};
		2C0365D125B936590079A64B /* Release */ = {
			isa = XCBuildConfiguration;
			buildSettings = {
				ASSETCATALOG_COMPILER_APPICON_NAME = AppIcon;
				ASSETCATALOG_COMPILER_GLOBAL_ACCENT_COLOR_NAME = AccentColor;
				CODE_SIGN_STYLE = Automatic;
				DEVELOPMENT_TEAM = 8R3P49X4ZM;
				INFOPLIST_FILE = Project8/Info.plist;
				LD_RUNPATH_SEARCH_PATHS = (
					"$(inherited)",
					"@executable_path/Frameworks",
				);
				PRODUCT_BUNDLE_IDENTIFIER = joepham.Project8;
				PRODUCT_NAME = "$(TARGET_NAME)";
				SWIFT_VERSION = 5.0;
				TARGETED_DEVICE_FAMILY = 2;
			};
			name = Release;
		};
/* End XCBuildConfiguration section */

/* Begin XCConfigurationList section */
		2C0365B625B936580079A64B /* Build configuration list for PBXProject "Project8" */ = {
			isa = XCConfigurationList;
			buildConfigurations = (
				2C0365CD25B936590079A64B /* Debug */,
				2C0365CE25B936590079A64B /* Release */,
			);
			defaultConfigurationIsVisible = 0;
			defaultConfigurationName = Release;
		};
		2C0365CF25B936590079A64B /* Build configuration list for PBXNativeTarget "Project8" */ = {
			isa = XCConfigurationList;
			buildConfigurations = (
				2C0365D025B936590079A64B /* Debug */,
				2C0365D125B936590079A64B /* Release */,
			);
			defaultConfigurationIsVisible = 0;
			defaultConfigurationName = Release;
		};
/* End XCConfigurationList section */
	};
	rootObject = 2C0365B325B936580079A64B /* Project object */;
}
