// !$*UTF8*$!
{
	archiveVersion = 1;
	classes = {
	};
	objectVersion = 50;
	objects = {

/* Begin PBXBuildFile section */
		2C0074D6262B50FE009F6020 /* AppDelegate.swift in Sources */ = {isa = PBXBuildFile; fileRef = 2C0074D5262B50FE009F6020 /* AppDelegate.swift */; };
		2C0074D8262B50FE009F6020 /* SceneDelegate.swift in Sources */ = {isa = PBXBuildFile; fileRef = 2C0074D7262B50FE009F6020 /* SceneDelegate.swift */; };
		2C0074DA262B50FE009F6020 /* ViewController.swift in Sources */ = {isa = PBXBuildFile; fileRef = 2C0074D9262B50FE009F6020 /* ViewController.swift */; };
		2C0074DD262B50FE009F6020 /* Main.storyboard in Resources */ = {isa = PBXBuildFile; fileRef = 2C0074DB262B50FE009F6020 /* Main.storyboard */; };
		2C0074DF262B5101009F6020 /* Assets.xcassets in Resources */ = {isa = PBXBuildFile; fileRef = 2C0074DE262B5101009F6020 /* Assets.xcassets */; };
		2C0074E2262B5101009F6020 /* LaunchScreen.storyboard in Resources */ = {isa = PBXBuildFile; fileRef = 2C0074E0262B5101009F6020 /* LaunchScreen.storyboard */; };
		2C0074F4262BA726009F6020 /* Words.txt in Resources */ = {isa = PBXBuildFile; fileRef = 2C0074F3262BA726009F6020 /* Words.txt */; };
/* End PBXBuildFile section */

/* Begin PBXFileReference section */
		2C0074D2262B50FE009F6020 /* Hangman.app */ = {isa = PBXFileReference; explicitFileType = wrapper.application; includeInIndex = 0; path = Hangman.app; sourceTree = BUILT_PRODUCTS_DIR; };
		2C0074D5262B50FE009F6020 /* AppDelegate.swift */ = {isa = PBXFileReference; lastKnownFileType = sourcecode.swift; path = AppDelegate.swift; sourceTree = "<group>"; };
		2C0074D7262B50FE009F6020 /* SceneDelegate.swift */ = {isa = PBXFileReference; lastKnownFileType = sourcecode.swift; path = SceneDelegate.swift; sourceTree = "<group>"; };
		2C0074D9262B50FE009F6020 /* ViewController.swift */ = {isa = PBXFileReference; lastKnownFileType = sourcecode.swift; path = ViewController.swift; sourceTree = "<group>"; };
		2C0074DC262B50FE009F6020 /* Base */ = {isa = PBXFileReference; lastKnownFileType = file.storyboard; name = Base; path = Base.lproj/Main.storyboard; sourceTree = "<group>"; };
		2C0074DE262B5101009F6020 /* Assets.xcassets */ = {isa = PBXFileReference; lastKnownFileType = folder.assetcatalog; path = Assets.xcassets; sourceTree = "<group>"; };
		2C0074E1262B5101009F6020 /* Base */ = {isa = PBXFileReference; lastKnownFileType = file.storyboard; name = Base; path = Base.lproj/LaunchScreen.storyboard; sourceTree = "<group>"; };
		2C0074E3262B5101009F6020 /* Info.plist */ = {isa = PBXFileReference; lastKnownFileType = text.plist.xml; path = Info.plist; sourceTree = "<group>"; };
		2C0074F3262BA726009F6020 /* Words.txt */ = {isa = PBXFileReference; fileEncoding = 4; lastKnownFileType = text; path = Words.txt; sourceTree = "<group>"; };
/* End PBXFileReference section */

/* Begin PBXFrameworksBuildPhase section */
		2C0074CF262B50FE009F6020 /* Frameworks */ = {
			isa = PBXFrameworksBuildPhase;
			buildActionMask = 2147483647;
			files = (
			);
			runOnlyForDeploymentPostprocessing = 0;
		};
/* End PBXFrameworksBuildPhase section */

/* Begin PBXGroup section */
		2C0074C9262B50FE009F6020 = {
			isa = PBXGroup;
			children = (
				2C0074D4262B50FE009F6020 /* Hangman */,
				2C0074D3262B50FE009F6020 /* Products */,
			);
			sourceTree = "<group>";
		};
		2C0074D3262B50FE009F6020 /* Products */ = {
			isa = PBXGroup;
			children = (
				2C0074D2262B50FE009F6020 /* Hangman.app */,
			);
			name = Products;
			sourceTree = "<group>";
		};
		2C0074D4262B50FE009F6020 /* Hangman */ = {
			isa = PBXGroup;
			children = (
				2C0074D5262B50FE009F6020 /* AppDelegate.swift */,
				2C0074D7262B50FE009F6020 /* SceneDelegate.swift */,
				2C0074D9262B50FE009F6020 /* ViewController.swift */,
				2C0074DB262B50FE009F6020 /* Main.storyboard */,
				2C0074DE262B5101009F6020 /* Assets.xcassets */,
				2C0074E0262B5101009F6020 /* LaunchScreen.storyboard */,
				2C0074E3262B5101009F6020 /* Info.plist */,
				2C0074F3262BA726009F6020 /* Words.txt */,
			);
			path = Hangman;
			sourceTree = "<group>";
		};
/* End PBXGroup section */

/* Begin PBXNativeTarget section */
		2C0074D1262B50FE009F6020 /* Hangman */ = {
			isa = PBXNativeTarget;
			buildConfigurationList = 2C0074E6262B5101009F6020 /* Build configuration list for PBXNativeTarget "Hangman" */;
			buildPhases = (
				2C0074CE262B50FE009F6020 /* Sources */,
				2C0074CF262B50FE009F6020 /* Frameworks */,
				2C0074D0262B50FE009F6020 /* Resources */,
			);
			buildRules = (
			);
			dependencies = (
			);
			name = Hangman;
			productName = Hangman;
			productReference = 2C0074D2262B50FE009F6020 /* Hangman.app */;
			productType = "com.apple.product-type.application";
		};
/* End PBXNativeTarget section */

/* Begin PBXProject section */
		2C0074CA262B50FE009F6020 /* Project object */ = {
			isa = PBXProject;
			attributes = {
				LastSwiftUpdateCheck = 1240;
				LastUpgradeCheck = 1240;
				TargetAttributes = {
					2C0074D1262B50FE009F6020 = {
						CreatedOnToolsVersion = 12.4;
					};
				};
			};
			buildConfigurationList = 2C0074CD262B50FE009F6020 /* Build configuration list for PBXProject "Hangman" */;
			compatibilityVersion = "Xcode 9.3";
			developmentRegion = en;
			hasScannedForEncodings = 0;
			knownRegions = (
				en,
				Base,
			);
			mainGroup = 2C0074C9262B50FE009F6020;
			productRefGroup = 2C0074D3262B50FE009F6020 /* Products */;
			projectDirPath = "";
			projectRoot = "";
			targets = (
				2C0074D1262B50FE009F6020 /* Hangman */,
			);
		};
/* End PBXProject section */

/* Begin PBXResourcesBuildPhase section */
		2C0074D0262B50FE009F6020 /* Resources */ = {
			isa = PBXResourcesBuildPhase;
			buildActionMask = 2147483647;
			files = (
				2C0074E2262B5101009F6020 /* LaunchScreen.storyboard in Resources */,
				2C0074DF262B5101009F6020 /* Assets.xcassets in Resources */,
				2C0074F4262BA726009F6020 /* Words.txt in Resources */,
				2C0074DD262B50FE009F6020 /* Main.storyboard in Resources */,
			);
			runOnlyForDeploymentPostprocessing = 0;
		};
/* End PBXResourcesBuildPhase section */

/* Begin PBXSourcesBuildPhase section */
		2C0074CE262B50FE009F6020 /* Sources */ = {
			isa = PBXSourcesBuildPhase;
			buildActionMask = 2147483647;
			files = (
				2C0074DA262B50FE009F6020 /* ViewController.swift in Sources */,
				2C0074D6262B50FE009F6020 /* AppDelegate.swift in Sources */,
				2C0074D8262B50FE009F6020 /* SceneDelegate.swift in Sources */,
			);
			runOnlyForDeploymentPostprocessing = 0;
		};
/* End PBXSourcesBuildPhase section */

/* Begin PBXVariantGroup section */
		2C0074DB262B50FE009F6020 /* Main.storyboard */ = {
			isa = PBXVariantGroup;
			children = (
				2C0074DC262B50FE009F6020 /* Base */,
			);
			name = Main.storyboard;
			sourceTree = "<group>";
		};
		2C0074E0262B5101009F6020 /* LaunchScreen.storyboard */ = {
			isa = PBXVariantGroup;
			children = (
				2C0074E1262B5101009F6020 /* Base */,
			);
			name = LaunchScreen.storyboard;
			sourceTree = "<group>";
		};
/* End PBXVariantGroup section */

/* Begin XCBuildConfiguration section */
		2C0074E4262B5101009F6020 /* Debug */ = {
			isa = XCBuildConfiguration;
			buildSettings = {
				ALWAYS_SEARCH_USER_PATHS = NO;
				CLANG_ANALYZER_NONNULL = YES;
				CLANG_ANALYZER_NUMBER_OBJECT_CONVERSION = YES_AGGRESSIVE;
				CLANG_CXX_LANGUAGE_STANDARD = "gnu++14";
				CLANG_CXX_LIBRARY = "libc++";
				CLANG_ENABLE_MODULES = YES;
				CLANG_ENABLE_OBJC_ARC = YES;
				CLANG_ENABLE_OBJC_WEAK = YES;
				CLANG_WARN_BLOCK_CAPTURE_AUTORELEASING = YES;
				CLANG_WARN_BOOL_CONVERSION = YES;
				CLANG_WARN_COMMA = YES;
				CLANG_WARN_CONSTANT_CONVERSION = YES;
				CLANG_WARN_DEPRECATED_OBJC_IMPLEMENTATIONS = YES;
				CLANG_WARN_DIRECT_OBJC_ISA_USAGE = YES_ERROR;
				CLANG_WARN_DOCUMENTATION_COMMENTS = YES;
				CLANG_WARN_EMPTY_BODY = YES;
				CLANG_WARN_ENUM_CONVERSION = YES;
				CLANG_WARN_INFINITE_RECURSION = YES;
				CLANG_WARN_INT_CONVERSION = YES;
				CLANG_WARN_NON_LITERAL_NULL_CONVERSION = YES;
				CLANG_WARN_OBJC_IMPLICIT_RETAIN_SELF = YES;
				CLANG_WARN_OBJC_LITERAL_CONVERSION = YES;
				CLANG_WARN_OBJC_ROOT_CLASS = YES_ERROR;
				CLANG_WARN_QUOTED_INCLUDE_IN_FRAMEWORK_HEADER = YES;
				CLANG_WARN_RANGE_LOOP_ANALYSIS = YES;
				CLANG_WARN_STRICT_PROTOTYPES = YES;
				CLANG_WARN_SUSPICIOUS_MOVE = YES;
				CLANG_WARN_UNGUARDED_AVAILABILITY = YES_AGGRESSIVE;
				CLANG_WARN_UNREACHABLE_CODE = YES;
				CLANG_WARN__DUPLICATE_METHOD_MATCH = YES;
				COPY_PHASE_STRIP = NO;
				DEBUG_INFORMATION_FORMAT = dwarf;
				ENABLE_STRICT_OBJC_MSGSEND = YES;
				ENABLE_TESTABILITY = YES;
				GCC_C_LANGUAGE_STANDARD = gnu11;
				GCC_DYNAMIC_NO_PIC = NO;
				GCC_NO_COMMON_BLOCKS = YES;
				GCC_OPTIMIZATION_LEVEL = 0;
				GCC_PREPROCESSOR_DEFINITIONS = (
					"DEBUG=1",
					"$(inherited)",
				);
				GCC_WARN_64_TO_32_BIT_CONVERSION = YES;
				GCC_WARN_ABOUT_RETURN_TYPE = YES_ERROR;
				GCC_WARN_UNDECLARED_SELECTOR = YES;
				GCC_WARN_UNINITIALIZED_AUTOS = YES_AGGRESSIVE;
				GCC_WARN_UNUSED_FUNCTION = YES;
				GCC_WARN_UNUSED_VARIABLE = YES;
				IPHONEOS_DEPLOYMENT_TARGET = 14.4;
				MTL_ENABLE_DEBUG_INFO = INCLUDE_SOURCE;
				MTL_FAST_MATH = YES;
				ONLY_ACTIVE_ARCH = YES;
				SDKROOT = iphoneos;
				SWIFT_ACTIVE_COMPILATION_CONDITIONS = DEBUG;
				SWIFT_OPTIMIZATION_LEVEL = "-Onone";
			};
			name = Debug;
		};
		2C0074E5262B5101009F6020 /* Release */ = {
			isa = XCBuildConfiguration;
			buildSettings = {
				ALWAYS_SEARCH_USER_PATHS = NO;
				CLANG_ANALYZER_NONNULL = YES;
				CLANG_ANALYZER_NUMBER_OBJECT_CONVERSION = YES_AGGRESSIVE;
				CLANG_CXX_LANGUAGE_STANDARD = "gnu++14";
				CLANG_CXX_LIBRARY = "libc++";
				CLANG_ENABLE_MODULES = YES;
				CLANG_ENABLE_OBJC_ARC = YES;
				CLANG_ENABLE_OBJC_WEAK = YES;
				CLANG_WARN_BLOCK_CAPTURE_AUTORELEASING = YES;
				CLANG_WARN_BOOL_CONVERSION = YES;
				CLANG_WARN_COMMA = YES;
				CLANG_WARN_CONSTANT_CONVERSION = YES;
				CLANG_WARN_DEPRECATED_OBJC_IMPLEMENTATIONS = YES;
				CLANG_WARN_DIRECT_OBJC_ISA_USAGE = YES_ERROR;
				CLANG_WARN_DOCUMENTATION_COMMENTS = YES;
				CLANG_WARN_EMPTY_BODY = YES;
				CLANG_WARN_ENUM_CONVERSION = YES;
				CLANG_WARN_INFINITE_RECURSION = YES;
				CLANG_WARN_INT_CONVERSION = YES;
				CLANG_WARN_NON_LITERAL_NULL_CONVERSION = YES;
				CLANG_WARN_OBJC_IMPLICIT_RETAIN_SELF = YES;
				CLANG_WARN_OBJC_LITERAL_CONVERSION = YES;
				CLANG_WARN_OBJC_ROOT_CLASS = YES_ERROR;
				CLANG_WARN_QUOTED_INCLUDE_IN_FRAMEWORK_HEADER = YES;
				CLANG_WARN_RANGE_LOOP_ANALYSIS = YES;
				CLANG_WARN_STRICT_PROTOTYPES = YES;
				CLANG_WARN_SUSPICIOUS_MOVE = YES;
				CLANG_WARN_UNGUARDED_AVAILABILITY = YES_AGGRESSIVE;
				CLANG_WARN_UNREACHABLE_CODE = YES;
				CLANG_WARN__DUPLICATE_METHOD_MATCH = YES;
				COPY_PHASE_STRIP = NO;
				DEBUG_INFORMATION_FORMAT = "dwarf-with-dsym";
				ENABLE_NS_ASSERTIONS = NO;
				ENABLE_STRICT_OBJC_MSGSEND = YES;
				GCC_C_LANGUAGE_STANDARD = gnu11;
				GCC_NO_COMMON_BLOCKS = YES;
				GCC_WARN_64_TO_32_BIT_CONVERSION = YES;
				GCC_WARN_ABOUT_RETURN_TYPE = YES_ERROR;
				GCC_WARN_UNDECLARED_SELECTOR = YES;
				GCC_WARN_UNINITIALIZED_AUTOS = YES_AGGRESSIVE;
				GCC_WARN_UNUSED_FUNCTION = YES;
				GCC_WARN_UNUSED_VARIABLE = YES;
				IPHONEOS_DEPLOYMENT_TARGET = 14.4;
				MTL_ENABLE_DEBUG_INFO = NO;
				MTL_FAST_MATH = YES;
				SDKROOT = iphoneos;
				SWIFT_COMPILATION_MODE = wholemodule;
				SWIFT_OPTIMIZATION_LEVEL = "-O";
				VALIDATE_PRODUCT = YES;
			};
			name = Release;
		};
		2C0074E7262B5101009F6020 /* Debug */ = {
			isa = XCBuildConfiguration;
			buildSettings = {
				ASSETCATALOG_COMPILER_APPICON_NAME = AppIcon;
				ASSETCATALOG_COMPILER_GLOBAL_ACCENT_COLOR_NAME = AccentColor;
				CODE_SIGN_STYLE = Automatic;
				DEVELOPMENT_TEAM = 8R3P49X4ZM;
				INFOPLIST_FILE = Hangman/Info.plist;
				LD_RUNPATH_SEARCH_PATHS = (
					"$(inherited)",
					"@executable_path/Frameworks",
				);
				PRODUCT_BUNDLE_IDENTIFIER = joepham.Hangman;
				PRODUCT_NAME = "$(TARGET_NAME)";
				SWIFT_VERSION = 5.0;
				TARGETED_DEVICE_FAMILY = 1;
			};
			name = Debug;
		};
		2C0074E8262B5101009F6020 /* Release */ = {
			isa = XCBuildConfiguration;
			buildSettings = {
				ASSETCATALOG_COMPILER_APPICON_NAME = AppIcon;
				ASSETCATALOG_COMPILER_GLOBAL_ACCENT_COLOR_NAME = AccentColor;
				CODE_SIGN_STYLE = Automatic;
				DEVELOPMENT_TEAM = 8R3P49X4ZM;
				INFOPLIST_FILE = Hangman/Info.plist;
				LD_RUNPATH_SEARCH_PATHS = (
					"$(inherited)",
					"@executable_path/Frameworks",
				);
				PRODUCT_BUNDLE_IDENTIFIER = joepham.Hangman;
				PRODUCT_NAME = "$(TARGET_NAME)";
				SWIFT_VERSION = 5.0;
				TARGETED_DEVICE_FAMILY = 1;
			};
			name = Release;
		};
/* End XCBuildConfiguration section */

/* Begin XCConfigurationList section */
		2C0074CD262B50FE009F6020 /* Build configuration list for PBXProject "Hangman" */ = {
			isa = XCConfigurationList;
			buildConfigurations = (
				2C0074E4262B5101009F6020 /* Debug */,
				2C0074E5262B5101009F6020 /* Release */,
			);
			defaultConfigurationIsVisible = 0;
			defaultConfigurationName = Release;
		};
		2C0074E6262B5101009F6020 /* Build configuration list for PBXNativeTarget "Hangman" */ = {
			isa = XCConfigurationList;
			buildConfigurations = (
				2C0074E7262B5101009F6020 /* Debug */,
				2C0074E8262B5101009F6020 /* Release */,
			);
			defaultConfigurationIsVisible = 0;
			defaultConfigurationName = Release;
		};
/* End XCConfigurationList section */
	};
	rootObject = 2C0074CA262B50FE009F6020 /* Project object */;
}
