// !$*UTF8*$!
{
	archiveVersion = 1;
	classes = {
	};
	objectVersion = 50;
	objects = {

/* Begin PBXBuildFile section */
		2C1527F5265193DA00B4D9FD /* gameOver.caf in Resources */ = {isa = PBXBuildFile; fileRef = 2C1527F4265193DA00B4D9FD /* gameOver.caf */; };
		2C1527FB26519A7C00B4D9FD /* SmokeEmitter.sks in Resources */ = {isa = PBXBuildFile; fileRef = 2C1527F926519A7C00B4D9FD /* SmokeEmitter.sks */; };
		2C1527FC26519A7C00B4D9FD /* MudEmitter.sks in Resources */ = {isa = PBXBuildFile; fileRef = 2C1527FA26519A7C00B4D9FD /* MudEmitter.sks */; };
		2C57C5D726509B2F0035F901 /* AppDelegate.swift in Sources */ = {isa = PBXBuildFile; fileRef = 2C57C5D626509B2F0035F901 /* AppDelegate.swift */; };
		2C57C5D926509B2F0035F901 /* GameScene.sks in Resources */ = {isa = PBXBuildFile; fileRef = 2C57C5D826509B2F0035F901 /* GameScene.sks */; };
		2C57C5DD26509B2F0035F901 /* GameScene.swift in Sources */ = {isa = PBXBuildFile; fileRef = 2C57C5DC26509B2F0035F901 /* GameScene.swift */; };
		2C57C5DF26509B2F0035F901 /* GameViewController.swift in Sources */ = {isa = PBXBuildFile; fileRef = 2C57C5DE26509B2F0035F901 /* GameViewController.swift */; };
		2C57C5E226509B2F0035F901 /* Main.storyboard in Resources */ = {isa = PBXBuildFile; fileRef = 2C57C5E026509B2F0035F901 /* Main.storyboard */; };
		2C57C5E426509B310035F901 /* Assets.xcassets in Resources */ = {isa = PBXBuildFile; fileRef = 2C57C5E326509B310035F901 /* Assets.xcassets */; };
		2CCA746E2651585D00330E75 /* whack.caf in Resources */ = {isa = PBXBuildFile; fileRef = 2CCA746C2651585D00330E75 /* whack.caf */; };
		2CCA746F2651585D00330E75 /* whackBad.caf in Resources */ = {isa = PBXBuildFile; fileRef = 2CCA746D2651585D00330E75 /* whackBad.caf */; };
		2CCA747426515B5500330E75 /* WhackSlot.swift in Sources */ = {isa = PBXBuildFile; fileRef = 2CCA747326515B5500330E75 /* WhackSlot.swift */; };
/* End PBXBuildFile section */

/* Begin PBXFileReference section */
		2C1527F4265193DA00B4D9FD /* gameOver.caf */ = {isa = PBXFileReference; lastKnownFileType = file; path = gameOver.caf; sourceTree = "<group>"; };
		2C1527F926519A7C00B4D9FD /* SmokeEmitter.sks */ = {isa = PBXFileReference; lastKnownFileType = file.sks; path = SmokeEmitter.sks; sourceTree = "<group>"; };
		2C1527FA26519A7C00B4D9FD /* MudEmitter.sks */ = {isa = PBXFileReference; lastKnownFileType = file.sks; path = MudEmitter.sks; sourceTree = "<group>"; };
		2C57C5D326509B2F0035F901 /* Whack-a-penguin.app */ = {isa = PBXFileReference; explicitFileType = wrapper.application; includeInIndex = 0; path = "Whack-a-penguin.app"; sourceTree = BUILT_PRODUCTS_DIR; };
		2C57C5D626509B2F0035F901 /* AppDelegate.swift */ = {isa = PBXFileReference; lastKnownFileType = sourcecode.swift; path = AppDelegate.swift; sourceTree = "<group>"; };
		2C57C5D826509B2F0035F901 /* GameScene.sks */ = {isa = PBXFileReference; lastKnownFileType = file.sks; path = GameScene.sks; sourceTree = "<group>"; };
		2C57C5DC26509B2F0035F901 /* GameScene.swift */ = {isa = PBXFileReference; lastKnownFileType = sourcecode.swift; path = GameScene.swift; sourceTree = "<group>"; };
		2C57C5DE26509B2F0035F901 /* GameViewController.swift */ = {isa = PBXFileReference; lastKnownFileType = sourcecode.swift; path = GameViewController.swift; sourceTree = "<group>"; };
		2C57C5E126509B2F0035F901 /* Base */ = {isa = PBXFileReference; lastKnownFileType = file.storyboard; name = Base; path = Base.lproj/Main.storyboard; sourceTree = "<group>"; };
		2C57C5E326509B310035F901 /* Assets.xcassets */ = {isa = PBXFileReference; lastKnownFileType = folder.assetcatalog; path = Assets.xcassets; sourceTree = "<group>"; };
		2C57C5E526509B310035F901 /* Info.plist */ = {isa = PBXFileReference; lastKnownFileType = text.plist.xml; path = Info.plist; sourceTree = "<group>"; };
		2CCA746C2651585D00330E75 /* whack.caf */ = {isa = PBXFileReference; lastKnownFileType = file; path = whack.caf; sourceTree = "<group>"; };
		2CCA746D2651585D00330E75 /* whackBad.caf */ = {isa = PBXFileReference; lastKnownFileType = file; path = whackBad.caf; sourceTree = "<group>"; };
		2CCA747326515B5500330E75 /* WhackSlot.swift */ = {isa = PBXFileReference; lastKnownFileType = sourcecode.swift; path = WhackSlot.swift; sourceTree = "<group>"; };
/* End PBXFileReference section */

/* Begin PBXFrameworksBuildPhase section */
		2C57C5D026509B2F0035F901 /* Frameworks */ = {
			isa = PBXFrameworksBuildPhase;
			buildActionMask = 2147483647;
			files = (
			);
			runOnlyForDeploymentPostprocessing = 0;
		};
/* End PBXFrameworksBuildPhase section */

/* Begin PBXGroup section */
		2C1527FE26519A8100B4D9FD /* Emitters */ = {
			isa = PBXGroup;
			children = (
				2C1527FA26519A7C00B4D9FD /* MudEmitter.sks */,
				2C1527F926519A7C00B4D9FD /* SmokeEmitter.sks */,
			);
			path = Emitters;
			sourceTree = "<group>";
		};
		2C1527FF26519A9200B4D9FD /* Assets */ = {
			isa = PBXGroup;
			children = (
				2C57C5E326509B310035F901 /* Assets.xcassets */,
				2C1527FE26519A8100B4D9FD /* Emitters */,
				2CCA74712651586500330E75 /* Sounds */,
			);
			path = Assets;
			sourceTree = "<group>";
		};
		2C57C5CA26509B2F0035F901 = {
			isa = PBXGroup;
			children = (
				2C57C5D526509B2F0035F901 /* Whack-a-penguin */,
				2C57C5D426509B2F0035F901 /* Products */,
			);
			sourceTree = "<group>";
		};
		2C57C5D426509B2F0035F901 /* Products */ = {
			isa = PBXGroup;
			children = (
				2C57C5D326509B2F0035F901 /* Whack-a-penguin.app */,
			);
			name = Products;
			sourceTree = "<group>";
		};
		2C57C5D526509B2F0035F901 /* Whack-a-penguin */ = {
			isa = PBXGroup;
			children = (
				2C57C5D626509B2F0035F901 /* AppDelegate.swift */,
				2C57C5D826509B2F0035F901 /* GameScene.sks */,
				2C57C5DC26509B2F0035F901 /* GameScene.swift */,
				2CCA747326515B5500330E75 /* WhackSlot.swift */,
				2C57C5DE26509B2F0035F901 /* GameViewController.swift */,
				2C57C5E026509B2F0035F901 /* Main.storyboard */,
				2C1527FF26519A9200B4D9FD /* Assets */,
				2C57C5E526509B310035F901 /* Info.plist */,
			);
			path = "Whack-a-penguin";
			sourceTree = "<group>";
		};
		2CCA74712651586500330E75 /* Sounds */ = {
			isa = PBXGroup;
			children = (
				2C1527F4265193DA00B4D9FD /* gameOver.caf */,
				2CCA746C2651585D00330E75 /* whack.caf */,
				2CCA746D2651585D00330E75 /* whackBad.caf */,
			);
			path = Sounds;
			sourceTree = "<group>";
		};
/* End PBXGroup section */

/* Begin PBXNativeTarget section */
		2C57C5D226509B2F0035F901 /* Whack-a-penguin */ = {
			isa = PBXNativeTarget;
			buildConfigurationList = 2C57C5E826509B310035F901 /* Build configuration list for PBXNativeTarget "Whack-a-penguin" */;
			buildPhases = (
				2C57C5CF26509B2F0035F901 /* Sources */,
				2C57C5D026509B2F0035F901 /* Frameworks */,
				2C57C5D126509B2F0035F901 /* Resources */,
			);
			buildRules = (
			);
			dependencies = (
			);
			name = "Whack-a-penguin";
			productName = "Whack-a-penguin";
			productReference = 2C57C5D326509B2F0035F901 /* Whack-a-penguin.app */;
			productType = "com.apple.product-type.application";
		};
/* End PBXNativeTarget section */

/* Begin PBXProject section */
		2C57C5CB26509B2F0035F901 /* Project object */ = {
			isa = PBXProject;
			attributes = {
				LastSwiftUpdateCheck = 1240;
				LastUpgradeCheck = 1240;
				TargetAttributes = {
					2C57C5D226509B2F0035F901 = {
						CreatedOnToolsVersion = 12.4;
					};
				};
			};
			buildConfigurationList = 2C57C5CE26509B2F0035F901 /* Build configuration list for PBXProject "Whack-a-penguin" */;
			compatibilityVersion = "Xcode 9.3";
			developmentRegion = en;
			hasScannedForEncodings = 0;
			knownRegions = (
				en,
				Base,
			);
			mainGroup = 2C57C5CA26509B2F0035F901;
			productRefGroup = 2C57C5D426509B2F0035F901 /* Products */;
			projectDirPath = "";
			projectRoot = "";
			targets = (
				2C57C5D226509B2F0035F901 /* Whack-a-penguin */,
			);
		};
/* End PBXProject section */

/* Begin PBXResourcesBuildPhase section */
		2C57C5D126509B2F0035F901 /* Resources */ = {
			isa = PBXResourcesBuildPhase;
			buildActionMask = 2147483647;
			files = (
				2CCA746F2651585D00330E75 /* whackBad.caf in Resources */,
				2C1527F5265193DA00B4D9FD /* gameOver.caf in Resources */,
				2C1527FB26519A7C00B4D9FD /* SmokeEmitter.sks in Resources */,
				2C57C5E226509B2F0035F901 /* Main.storyboard in Resources */,
				2C57C5D926509B2F0035F901 /* GameScene.sks in Resources */,
				2C1527FC26519A7C00B4D9FD /* MudEmitter.sks in Resources */,
				2C57C5E426509B310035F901 /* Assets.xcassets in Resources */,
				2CCA746E2651585D00330E75 /* whack.caf in Resources */,
			);
			runOnlyForDeploymentPostprocessing = 0;
		};
/* End PBXResourcesBuildPhase section */

/* Begin PBXSourcesBuildPhase section */
		2C57C5CF26509B2F0035F901 /* Sources */ = {
			isa = PBXSourcesBuildPhase;
			buildActionMask = 2147483647;
			files = (
				2C57C5DD26509B2F0035F901 /* GameScene.swift in Sources */,
				2C57C5DF26509B2F0035F901 /* GameViewController.swift in Sources */,
				2CCA747426515B5500330E75 /* WhackSlot.swift in Sources */,
				2C57C5D726509B2F0035F901 /* AppDelegate.swift in Sources */,
			);
			runOnlyForDeploymentPostprocessing = 0;
		};
/* End PBXSourcesBuildPhase section */

/* Begin PBXVariantGroup section */
		2C57C5E026509B2F0035F901 /* Main.storyboard */ = {
			isa = PBXVariantGroup;
			children = (
				2C57C5E126509B2F0035F901 /* Base */,
			);
			name = Main.storyboard;
			sourceTree = "<group>";
		};
/* End PBXVariantGroup section */

/* Begin XCBuildConfiguration section */
		2C57C5E626509B310035F901 /* Debug */ = {
			isa = XCBuildConfiguration;
			buildSettings = {
				ALWAYS_SEARCH_USER_PATHS = NO;
				CLANG_ANALYZER_NONNULL = YES;
				CLANG_ANALYZER_NUMBER_OBJECT_CONVERSION = YES_AGGRESSIVE;
				CLANG_CXX_LANGUAGE_STANDARD = "gnu++14";
				CLANG_CXX_LIBRARY = "libc++";
				CLANG_ENABLE_MODULES = YES;
				CLANG_ENABLE_OBJC_ARC = YES;
				CLANG_ENABLE_OBJC_WEAK = YES;
				CLANG_WARN_BLOCK_CAPTURE_AUTORELEASING = YES;
				CLANG_WARN_BOOL_CONVERSION = YES;
				CLANG_WARN_COMMA = YES;
				CLANG_WARN_CONSTANT_CONVERSION = YES;
				CLANG_WARN_DEPRECATED_OBJC_IMPLEMENTATIONS = YES;
				CLANG_WARN_DIRECT_OBJC_ISA_USAGE = YES_ERROR;
				CLANG_WARN_DOCUMENTATION_COMMENTS = YES;
				CLANG_WARN_EMPTY_BODY = YES;
				CLANG_WARN_ENUM_CONVERSION = YES;
				CLANG_WARN_INFINITE_RECURSION = YES;
				CLANG_WARN_INT_CONVERSION = YES;
				CLANG_WARN_NON_LITERAL_NULL_CONVERSION = YES;
				CLANG_WARN_OBJC_IMPLICIT_RETAIN_SELF = YES;
				CLANG_WARN_OBJC_LITERAL_CONVERSION = YES;
				CLANG_WARN_OBJC_ROOT_CLASS = YES_ERROR;
				CLANG_WARN_QUOTED_INCLUDE_IN_FRAMEWORK_HEADER = YES;
				CLANG_WARN_RANGE_LOOP_ANALYSIS = YES;
				CLANG_WARN_STRICT_PROTOTYPES = YES;
				CLANG_WARN_SUSPICIOUS_MOVE = YES;
				CLANG_WARN_UNGUARDED_AVAILABILITY = YES_AGGRESSIVE;
				CLANG_WARN_UNREACHABLE_CODE = YES;
				CLANG_WARN__DUPLICATE_METHOD_MATCH = YES;
				COPY_PHASE_STRIP = NO;
				DEBUG_INFORMATION_FORMAT = dwarf;
				ENABLE_STRICT_OBJC_MSGSEND = YES;
				ENABLE_TESTABILITY = YES;
				GCC_C_LANGUAGE_STANDARD = gnu11;
				GCC_DYNAMIC_NO_PIC = NO;
				GCC_NO_COMMON_BLOCKS = YES;
				GCC_OPTIMIZATION_LEVEL = 0;
				GCC_PREPROCESSOR_DEFINITIONS = (
					"DEBUG=1",
					"$(inherited)",
				);
				GCC_WARN_64_TO_32_BIT_CONVERSION = YES;
				GCC_WARN_ABOUT_RETURN_TYPE = YES_ERROR;
				GCC_WARN_UNDECLARED_SELECTOR = YES;
				GCC_WARN_UNINITIALIZED_AUTOS = YES_AGGRESSIVE;
				GCC_WARN_UNUSED_FUNCTION = YES;
				GCC_WARN_UNUSED_VARIABLE = YES;
				IPHONEOS_DEPLOYMENT_TARGET = 14.4;
				MTL_ENABLE_DEBUG_INFO = INCLUDE_SOURCE;
				MTL_FAST_MATH = YES;
				ONLY_ACTIVE_ARCH = YES;
				SDKROOT = iphoneos;
				SWIFT_ACTIVE_COMPILATION_CONDITIONS = DEBUG;
				SWIFT_OPTIMIZATION_LEVEL = "-Onone";
			};
			name = Debug;
		};
		2C57C5E726509B310035F901 /* Release */ = {
			isa = XCBuildConfiguration;
			buildSettings = {
				ALWAYS_SEARCH_USER_PATHS = NO;
				CLANG_ANALYZER_NONNULL = YES;
				CLANG_ANALYZER_NUMBER_OBJECT_CONVERSION = YES_AGGRESSIVE;
				CLANG_CXX_LANGUAGE_STANDARD = "gnu++14";
				CLANG_CXX_LIBRARY = "libc++";
				CLANG_ENABLE_MODULES = YES;
				CLANG_ENABLE_OBJC_ARC = YES;
				CLANG_ENABLE_OBJC_WEAK = YES;
				CLANG_WARN_BLOCK_CAPTURE_AUTORELEASING = YES;
				CLANG_WARN_BOOL_CONVERSION = YES;
				CLANG_WARN_COMMA = YES;
				CLANG_WARN_CONSTANT_CONVERSION = YES;
				CLANG_WARN_DEPRECATED_OBJC_IMPLEMENTATIONS = YES;
				CLANG_WARN_DIRECT_OBJC_ISA_USAGE = YES_ERROR;
				CLANG_WARN_DOCUMENTATION_COMMENTS = YES;
				CLANG_WARN_EMPTY_BODY = YES;
				CLANG_WARN_ENUM_CONVERSION = YES;
				CLANG_WARN_INFINITE_RECURSION = YES;
				CLANG_WARN_INT_CONVERSION = YES;
				CLANG_WARN_NON_LITERAL_NULL_CONVERSION = YES;
				CLANG_WARN_OBJC_IMPLICIT_RETAIN_SELF = YES;
				CLANG_WARN_OBJC_LITERAL_CONVERSION = YES;
				CLANG_WARN_OBJC_ROOT_CLASS = YES_ERROR;
				CLANG_WARN_QUOTED_INCLUDE_IN_FRAMEWORK_HEADER = YES;
				CLANG_WARN_RANGE_LOOP_ANALYSIS = YES;
				CLANG_WARN_STRICT_PROTOTYPES = YES;
				CLANG_WARN_SUSPICIOUS_MOVE = YES;
				CLANG_WARN_UNGUARDED_AVAILABILITY = YES_AGGRESSIVE;
				CLANG_WARN_UNREACHABLE_CODE = YES;
				CLANG_WARN__DUPLICATE_METHOD_MATCH = YES;
				COPY_PHASE_STRIP = NO;
				DEBUG_INFORMATION_FORMAT = "dwarf-with-dsym";
				ENABLE_NS_ASSERTIONS = NO;
				ENABLE_STRICT_OBJC_MSGSEND = YES;
				GCC_C_LANGUAGE_STANDARD = gnu11;
				GCC_NO_COMMON_BLOCKS = YES;
				GCC_WARN_64_TO_32_BIT_CONVERSION = YES;
				GCC_WARN_ABOUT_RETURN_TYPE = YES_ERROR;
				GCC_WARN_UNDECLARED_SELECTOR = YES;
				GCC_WARN_UNINITIALIZED_AUTOS = YES_AGGRESSIVE;
				GCC_WARN_UNUSED_FUNCTION = YES;
				GCC_WARN_UNUSED_VARIABLE = YES;
				IPHONEOS_DEPLOYMENT_TARGET = 14.4;
				MTL_ENABLE_DEBUG_INFO = NO;
				MTL_FAST_MATH = YES;
				SDKROOT = iphoneos;
				SWIFT_COMPILATION_MODE = wholemodule;
				SWIFT_OPTIMIZATION_LEVEL = "-O";
				VALIDATE_PRODUCT = YES;
			};
			name = Release;
		};
		2C57C5E926509B310035F901 /* Debug */ = {
			isa = XCBuildConfiguration;
			buildSettings = {
				ASSETCATALOG_COMPILER_APPICON_NAME = AppIcon;
				ASSETCATALOG_COMPILER_GLOBAL_ACCENT_COLOR_NAME = AccentColor;
				CODE_SIGN_STYLE = Automatic;
				DEVELOPMENT_TEAM = 8R3P49X4ZM;
				INFOPLIST_FILE = "Whack-a-penguin/Info.plist";
				IPHONEOS_DEPLOYMENT_TARGET = 13.0;
				LD_RUNPATH_SEARCH_PATHS = (
					"$(inherited)",
					"@executable_path/Frameworks",
				);
				PRODUCT_BUNDLE_IDENTIFIER = "com.joepham.Whack-a-penguin";
				PRODUCT_NAME = "$(TARGET_NAME)";
				SWIFT_VERSION = 5.0;
				TARGETED_DEVICE_FAMILY = 2;
			};
			name = Debug;
		};
		2C57C5EA26509B310035F901 /* Release */ = {
			isa = XCBuildConfiguration;
			buildSettings = {
				ASSETCATALOG_COMPILER_APPICON_NAME = AppIcon;
				ASSETCATALOG_COMPILER_GLOBAL_ACCENT_COLOR_NAME = AccentColor;
				CODE_SIGN_STYLE = Automatic;
				DEVELOPMENT_TEAM = 8R3P49X4ZM;
				INFOPLIST_FILE = "Whack-a-penguin/Info.plist";
				IPHONEOS_DEPLOYMENT_TARGET = 13.0;
				LD_RUNPATH_SEARCH_PATHS = (
					"$(inherited)",
					"@executable_path/Frameworks",
				);
				PRODUCT_BUNDLE_IDENTIFIER = "com.joepham.Whack-a-penguin";
				PRODUCT_NAME = "$(TARGET_NAME)";
				SWIFT_VERSION = 5.0;
				TARGETED_DEVICE_FAMILY = 2;
			};
			name = Release;
		};
/* End XCBuildConfiguration section */

/* Begin XCConfigurationList section */
		2C57C5CE26509B2F0035F901 /* Build configuration list for PBXProject "Whack-a-penguin" */ = {
			isa = XCConfigurationList;
			buildConfigurations = (
				2C57C5E626509B310035F901 /* Debug */,
				2C57C5E726509B310035F901 /* Release */,
			);
			defaultConfigurationIsVisible = 0;
			defaultConfigurationName = Release;
		};
		2C57C5E826509B310035F901 /* Build configuration list for PBXNativeTarget "Whack-a-penguin" */ = {
			isa = XCConfigurationList;
			buildConfigurations = (
				2C57C5E926509B310035F901 /* Debug */,
				2C57C5EA26509B310035F901 /* Release */,
			);
			defaultConfigurationIsVisible = 0;
			defaultConfigurationName = Release;
		};
/* End XCConfigurationList section */
	};
	rootObject = 2C57C5CB26509B2F0035F901 /* Project object */;
}
