// !$*UTF8*$!
{
	archiveVersion = 1;
	classes = {
	};
	objectVersion = 50;
	objects = {

/* Begin PBXBuildFile section */
		2C159AB826B08225006B2111 /* AppDelegate.swift in Sources */ = {isa = PBXBuildFile; fileRef = 2C159AB726B08225006B2111 /* AppDelegate.swift */; };
		2C159ABA26B08225006B2111 /* SceneDelegate.swift in Sources */ = {isa = PBXBuildFile; fileRef = 2C159AB926B08225006B2111 /* SceneDelegate.swift */; };
		2C159ABC26B08225006B2111 /* BeaconVC.swift in Sources */ = {isa = PBXBuildFile; fileRef = 2C159ABB26B08225006B2111 /* BeaconVC.swift */; };
		2C159AC126B08228006B2111 /* Assets.xcassets in Resources */ = {isa = PBXBuildFile; fileRef = 2C159AC026B08228006B2111 /* Assets.xcassets */; };
		2C159AC426B08228006B2111 /* LaunchScreen.storyboard in Resources */ = {isa = PBXBuildFile; fileRef = 2C159AC226B08228006B2111 /* LaunchScreen.storyboard */; };
		2C292EA626B4AA65005921EF /* UIViewController+Ext.swift in Sources */ = {isa = PBXBuildFile; fileRef = 2C292EA526B4AA65005921EF /* UIViewController+Ext.swift */; };
		2C292EAA26B4CD2B005921EF /* Beacon.swift in Sources */ = {isa = PBXBuildFile; fileRef = 2C292EA926B4CD2B005921EF /* Beacon.swift */; };
		2CDF9FBE26B1B7DF00BF99F0 /* Constants.swift in Sources */ = {isa = PBXBuildFile; fileRef = 2CDF9FBD26B1B7DF00BF99F0 /* Constants.swift */; };
/* End PBXBuildFile section */

/* Begin PBXFileReference section */
		2C159AB426B08225006B2111 /* Detect-a-Beacon.app */ = {isa = PBXFileReference; explicitFileType = wrapper.application; includeInIndex = 0; path = "Detect-a-Beacon.app"; sourceTree = BUILT_PRODUCTS_DIR; };
		2C159AB726B08225006B2111 /* AppDelegate.swift */ = {isa = PBXFileReference; lastKnownFileType = sourcecode.swift; path = AppDelegate.swift; sourceTree = "<group>"; };
		2C159AB926B08225006B2111 /* SceneDelegate.swift */ = {isa = PBXFileReference; lastKnownFileType = sourcecode.swift; path = SceneDelegate.swift; sourceTree = "<group>"; };
		2C159ABB26B08225006B2111 /* BeaconVC.swift */ = {isa = PBXFileReference; lastKnownFileType = sourcecode.swift; path = BeaconVC.swift; sourceTree = "<group>"; };
		2C159AC026B08228006B2111 /* Assets.xcassets */ = {isa = PBXFileReference; lastKnownFileType = folder.assetcatalog; path = Assets.xcassets; sourceTree = "<group>"; };
		2C159AC326B08228006B2111 /* Base */ = {isa = PBXFileReference; lastKnownFileType = file.storyboard; name = Base; path = Base.lproj/LaunchScreen.storyboard; sourceTree = "<group>"; };
		2C159AC526B08228006B2111 /* Info.plist */ = {isa = PBXFileReference; lastKnownFileType = text.plist.xml; path = Info.plist; sourceTree = "<group>"; };
		2C292EA526B4AA65005921EF /* UIViewController+Ext.swift */ = {isa = PBXFileReference; lastKnownFileType = sourcecode.swift; path = "UIViewController+Ext.swift"; sourceTree = "<group>"; };
		2C292EA926B4CD2B005921EF /* Beacon.swift */ = {isa = PBXFileReference; lastKnownFileType = sourcecode.swift; path = Beacon.swift; sourceTree = "<group>"; };
		2CDF9FBD26B1B7DF00BF99F0 /* Constants.swift */ = {isa = PBXFileReference; lastKnownFileType = sourcecode.swift; path = Constants.swift; sourceTree = "<group>"; };
/* End PBXFileReference section */

/* Begin PBXFrameworksBuildPhase section */
		2C159AB126B08225006B2111 /* Frameworks */ = {
			isa = PBXFrameworksBuildPhase;
			buildActionMask = 2147483647;
			files = (
			);
			runOnlyForDeploymentPostprocessing = 0;
		};
/* End PBXFrameworksBuildPhase section */

/* Begin PBXGroup section */
		2C159AAB26B08225006B2111 = {
			isa = PBXGroup;
			children = (
				2C159AB626B08225006B2111 /* Detect-a-Beacon */,
				2C159AB526B08225006B2111 /* Products */,
			);
			sourceTree = "<group>";
		};
		2C159AB526B08225006B2111 /* Products */ = {
			isa = PBXGroup;
			children = (
				2C159AB426B08225006B2111 /* Detect-a-Beacon.app */,
			);
			name = Products;
			sourceTree = "<group>";
		};
		2C159AB626B08225006B2111 /* Detect-a-Beacon */ = {
			isa = PBXGroup;
			children = (
				2C292EAB26B4CD32005921EF /* Model */,
				2C292EA826B4AA85005921EF /* Screens */,
				2C292EA726B4AA79005921EF /* Extensions */,
				2CDF9FBC26B1B7D400BF99F0 /* Utilities */,
				2C159ACB26B0838A006B2111 /* Support Files */,
			);
			path = "Detect-a-Beacon";
			sourceTree = "<group>";
		};
		2C159ACB26B0838A006B2111 /* Support Files */ = {
			isa = PBXGroup;
			children = (
				2C159AB726B08225006B2111 /* AppDelegate.swift */,
				2C159AB926B08225006B2111 /* SceneDelegate.swift */,
				2C159AC026B08228006B2111 /* Assets.xcassets */,
				2C159AC226B08228006B2111 /* LaunchScreen.storyboard */,
				2C159AC526B08228006B2111 /* Info.plist */,
			);
			path = "Support Files";
			sourceTree = "<group>";
		};
		2C292EA726B4AA79005921EF /* Extensions */ = {
			isa = PBXGroup;
			children = (
				2C292EA526B4AA65005921EF /* UIViewController+Ext.swift */,
			);
			path = Extensions;
			sourceTree = "<group>";
		};
		2C292EA826B4AA85005921EF /* Screens */ = {
			isa = PBXGroup;
			children = (
				2C159ABB26B08225006B2111 /* BeaconVC.swift */,
			);
			path = Screens;
			sourceTree = "<group>";
		};
		2C292EAB26B4CD32005921EF /* Model */ = {
			isa = PBXGroup;
			children = (
				2C292EA926B4CD2B005921EF /* Beacon.swift */,
			);
			path = Model;
			sourceTree = "<group>";
		};
		2CDF9FBC26B1B7D400BF99F0 /* Utilities */ = {
			isa = PBXGroup;
			children = (
				2CDF9FBD26B1B7DF00BF99F0 /* Constants.swift */,
			);
			path = Utilities;
			sourceTree = "<group>";
		};
/* End PBXGroup section */

/* Begin PBXNativeTarget section */
		2C159AB326B08225006B2111 /* Detect-a-Beacon */ = {
			isa = PBXNativeTarget;
			buildConfigurationList = 2C159AC826B08228006B2111 /* Build configuration list for PBXNativeTarget "Detect-a-Beacon" */;
			buildPhases = (
				2C159AB026B08225006B2111 /* Sources */,
				2C159AB126B08225006B2111 /* Frameworks */,
				2C159AB226B08225006B2111 /* Resources */,
			);
			buildRules = (
			);
			dependencies = (
			);
			name = "Detect-a-Beacon";
			productName = "Detect-a-Beacon";
			productReference = 2C159AB426B08225006B2111 /* Detect-a-Beacon.app */;
			productType = "com.apple.product-type.application";
		};
/* End PBXNativeTarget section */

/* Begin PBXProject section */
		2C159AAC26B08225006B2111 /* Project object */ = {
			isa = PBXProject;
			attributes = {
				LastSwiftUpdateCheck = 1250;
				LastUpgradeCheck = 1250;
				TargetAttributes = {
					2C159AB326B08225006B2111 = {
						CreatedOnToolsVersion = 12.5.1;
					};
				};
			};
			buildConfigurationList = 2C159AAF26B08225006B2111 /* Build configuration list for PBXProject "Detect-a-Beacon" */;
			compatibilityVersion = "Xcode 9.3";
			developmentRegion = en;
			hasScannedForEncodings = 0;
			knownRegions = (
				en,
				Base,
			);
			mainGroup = 2C159AAB26B08225006B2111;
			productRefGroup = 2C159AB526B08225006B2111 /* Products */;
			projectDirPath = "";
			projectRoot = "";
			targets = (
				2C159AB326B08225006B2111 /* Detect-a-Beacon */,
			);
		};
/* End PBXProject section */

/* Begin PBXResourcesBuildPhase section */
		2C159AB226B08225006B2111 /* Resources */ = {
			isa = PBXResourcesBuildPhase;
			buildActionMask = 2147483647;
			files = (
				2C159AC426B08228006B2111 /* LaunchScreen.storyboard in Resources */,
				2C159AC126B08228006B2111 /* Assets.xcassets in Resources */,
			);
			runOnlyForDeploymentPostprocessing = 0;
		};
/* End PBXResourcesBuildPhase section */

/* Begin PBXSourcesBuildPhase section */
		2C159AB026B08225006B2111 /* Sources */ = {
			isa = PBXSourcesBuildPhase;
			buildActionMask = 2147483647;
			files = (
				2C159ABC26B08225006B2111 /* BeaconVC.swift in Sources */,
				2C159AB826B08225006B2111 /* AppDelegate.swift in Sources */,
				2C292EA626B4AA65005921EF /* UIViewController+Ext.swift in Sources */,
				2C159ABA26B08225006B2111 /* SceneDelegate.swift in Sources */,
				2CDF9FBE26B1B7DF00BF99F0 /* Constants.swift in Sources */,
				2C292EAA26B4CD2B005921EF /* Beacon.swift in Sources */,
			);
			runOnlyForDeploymentPostprocessing = 0;
		};
/* End PBXSourcesBuildPhase section */

/* Begin PBXVariantGroup section */
		2C159AC226B08228006B2111 /* LaunchScreen.storyboard */ = {
			isa = PBXVariantGroup;
			children = (
				2C159AC326B08228006B2111 /* Base */,
			);
			name = LaunchScreen.storyboard;
			sourceTree = "<group>";
		};
/* End PBXVariantGroup section */

/* Begin XCBuildConfiguration section */
		2C159AC626B08228006B2111 /* Debug */ = {
			isa = XCBuildConfiguration;
			buildSettings = {
				ALWAYS_SEARCH_USER_PATHS = NO;
				CLANG_ANALYZER_NONNULL = YES;
				CLANG_ANALYZER_NUMBER_OBJECT_CONVERSION = YES_AGGRESSIVE;
				CLANG_CXX_LANGUAGE_STANDARD = "gnu++14";
				CLANG_CXX_LIBRARY = "libc++";
				CLANG_ENABLE_MODULES = YES;
				CLANG_ENABLE_OBJC_ARC = YES;
				CLANG_ENABLE_OBJC_WEAK = YES;
				CLANG_WARN_BLOCK_CAPTURE_AUTORELEASING = YES;
				CLANG_WARN_BOOL_CONVERSION = YES;
				CLANG_WARN_COMMA = YES;
				CLANG_WARN_CONSTANT_CONVERSION = YES;
				CLANG_WARN_DEPRECATED_OBJC_IMPLEMENTATIONS = YES;
				CLANG_WARN_DIRECT_OBJC_ISA_USAGE = YES_ERROR;
				CLANG_WARN_DOCUMENTATION_COMMENTS = YES;
				CLANG_WARN_EMPTY_BODY = YES;
				CLANG_WARN_ENUM_CONVERSION = YES;
				CLANG_WARN_INFINITE_RECURSION = YES;
				CLANG_WARN_INT_CONVERSION = YES;
				CLANG_WARN_NON_LITERAL_NULL_CONVERSION = YES;
				CLANG_WARN_OBJC_IMPLICIT_RETAIN_SELF = YES;
				CLANG_WARN_OBJC_LITERAL_CONVERSION = YES;
				CLANG_WARN_OBJC_ROOT_CLASS = YES_ERROR;
				CLANG_WARN_QUOTED_INCLUDE_IN_FRAMEWORK_HEADER = YES;
				CLANG_WARN_RANGE_LOOP_ANALYSIS = YES;
				CLANG_WARN_STRICT_PROTOTYPES = YES;
				CLANG_WARN_SUSPICIOUS_MOVE = YES;
				CLANG_WARN_UNGUARDED_AVAILABILITY = YES_AGGRESSIVE;
				CLANG_WARN_UNREACHABLE_CODE = YES;
				CLANG_WARN__DUPLICATE_METHOD_MATCH = YES;
				COPY_PHASE_STRIP = NO;
				DEBUG_INFORMATION_FORMAT = dwarf;
				ENABLE_STRICT_OBJC_MSGSEND = YES;
				ENABLE_TESTABILITY = YES;
				GCC_C_LANGUAGE_STANDARD = gnu11;
				GCC_DYNAMIC_NO_PIC = NO;
				GCC_NO_COMMON_BLOCKS = YES;
				GCC_OPTIMIZATION_LEVEL = 0;
				GCC_PREPROCESSOR_DEFINITIONS = (
					"DEBUG=1",
					"$(inherited)",
				);
				GCC_WARN_64_TO_32_BIT_CONVERSION = YES;
				GCC_WARN_ABOUT_RETURN_TYPE = YES_ERROR;
				GCC_WARN_UNDECLARED_SELECTOR = YES;
				GCC_WARN_UNINITIALIZED_AUTOS = YES_AGGRESSIVE;
				GCC_WARN_UNUSED_FUNCTION = YES;
				GCC_WARN_UNUSED_VARIABLE = YES;
				IPHONEOS_DEPLOYMENT_TARGET = 14.1;
				MTL_ENABLE_DEBUG_INFO = INCLUDE_SOURCE;
				MTL_FAST_MATH = YES;
				ONLY_ACTIVE_ARCH = YES;
				SDKROOT = iphoneos;
				SWIFT_ACTIVE_COMPILATION_CONDITIONS = DEBUG;
				SWIFT_OPTIMIZATION_LEVEL = "-Onone";
			};
			name = Debug;
		};
		2C159AC726B08228006B2111 /* Release */ = {
			isa = XCBuildConfiguration;
			buildSettings = {
				ALWAYS_SEARCH_USER_PATHS = NO;
				CLANG_ANALYZER_NONNULL = YES;
				CLANG_ANALYZER_NUMBER_OBJECT_CONVERSION = YES_AGGRESSIVE;
				CLANG_CXX_LANGUAGE_STANDARD = "gnu++14";
				CLANG_CXX_LIBRARY = "libc++";
				CLANG_ENABLE_MODULES = YES;
				CLANG_ENABLE_OBJC_ARC = YES;
				CLANG_ENABLE_OBJC_WEAK = YES;
				CLANG_WARN_BLOCK_CAPTURE_AUTORELEASING = YES;
				CLANG_WARN_BOOL_CONVERSION = YES;
				CLANG_WARN_COMMA = YES;
				CLANG_WARN_CONSTANT_CONVERSION = YES;
				CLANG_WARN_DEPRECATED_OBJC_IMPLEMENTATIONS = YES;
				CLANG_WARN_DIRECT_OBJC_ISA_USAGE = YES_ERROR;
				CLANG_WARN_DOCUMENTATION_COMMENTS = YES;
				CLANG_WARN_EMPTY_BODY = YES;
				CLANG_WARN_ENUM_CONVERSION = YES;
				CLANG_WARN_INFINITE_RECURSION = YES;
				CLANG_WARN_INT_CONVERSION = YES;
				CLANG_WARN_NON_LITERAL_NULL_CONVERSION = YES;
				CLANG_WARN_OBJC_IMPLICIT_RETAIN_SELF = YES;
				CLANG_WARN_OBJC_LITERAL_CONVERSION = YES;
				CLANG_WARN_OBJC_ROOT_CLASS = YES_ERROR;
				CLANG_WARN_QUOTED_INCLUDE_IN_FRAMEWORK_HEADER = YES;
				CLANG_WARN_RANGE_LOOP_ANALYSIS = YES;
				CLANG_WARN_STRICT_PROTOTYPES = YES;
				CLANG_WARN_SUSPICIOUS_MOVE = YES;
				CLANG_WARN_UNGUARDED_AVAILABILITY = YES_AGGRESSIVE;
				CLANG_WARN_UNREACHABLE_CODE = YES;
				CLANG_WARN__DUPLICATE_METHOD_MATCH = YES;
				COPY_PHASE_STRIP = NO;
				DEBUG_INFORMATION_FORMAT = "dwarf-with-dsym";
				ENABLE_NS_ASSERTIONS = NO;
				ENABLE_STRICT_OBJC_MSGSEND = YES;
				GCC_C_LANGUAGE_STANDARD = gnu11;
				GCC_NO_COMMON_BLOCKS = YES;
				GCC_WARN_64_TO_32_BIT_CONVERSION = YES;
				GCC_WARN_ABOUT_RETURN_TYPE = YES_ERROR;
				GCC_WARN_UNDECLARED_SELECTOR = YES;
				GCC_WARN_UNINITIALIZED_AUTOS = YES_AGGRESSIVE;
				GCC_WARN_UNUSED_FUNCTION = YES;
				GCC_WARN_UNUSED_VARIABLE = YES;
				IPHONEOS_DEPLOYMENT_TARGET = 14.1;
				MTL_ENABLE_DEBUG_INFO = NO;
				MTL_FAST_MATH = YES;
				SDKROOT = iphoneos;
				SWIFT_COMPILATION_MODE = wholemodule;
				SWIFT_OPTIMIZATION_LEVEL = "-O";
				VALIDATE_PRODUCT = YES;
			};
			name = Release;
		};
		2C159AC926B08228006B2111 /* Debug */ = {
			isa = XCBuildConfiguration;
			buildSettings = {
				ASSETCATALOG_COMPILER_APPICON_NAME = AppIcon;
				ASSETCATALOG_COMPILER_GLOBAL_ACCENT_COLOR_NAME = AccentColor;
				CODE_SIGN_STYLE = Automatic;
				DEVELOPMENT_TEAM = 8R3P49X4ZM;
				INFOPLIST_FILE = "Detect-a-Beacon/Support Files/Info.plist";
				IPHONEOS_DEPLOYMENT_TARGET = 14.1;
				LD_RUNPATH_SEARCH_PATHS = (
					"$(inherited)",
					"@executable_path/Frameworks",
				);
				PRODUCT_BUNDLE_IDENTIFIER = "com.joepham.Detect-a-Beacon";
				PRODUCT_NAME = "$(TARGET_NAME)";
				SWIFT_VERSION = 5.0;
				TARGETED_DEVICE_FAMILY = 1;
			};
			name = Debug;
		};
		2C159ACA26B08228006B2111 /* Release */ = {
			isa = XCBuildConfiguration;
			buildSettings = {
				ASSETCATALOG_COMPILER_APPICON_NAME = AppIcon;
				ASSETCATALOG_COMPILER_GLOBAL_ACCENT_COLOR_NAME = AccentColor;
				CODE_SIGN_STYLE = Automatic;
				DEVELOPMENT_TEAM = 8R3P49X4ZM;
				INFOPLIST_FILE = "Detect-a-Beacon/Support Files/Info.plist";
				IPHONEOS_DEPLOYMENT_TARGET = 14.1;
				LD_RUNPATH_SEARCH_PATHS = (
					"$(inherited)",
					"@executable_path/Frameworks",
				);
				PRODUCT_BUNDLE_IDENTIFIER = "com.joepham.Detect-a-Beacon";
				PRODUCT_NAME = "$(TARGET_NAME)";
				SWIFT_VERSION = 5.0;
				TARGETED_DEVICE_FAMILY = 1;
			};
			name = Release;
		};
/* End XCBuildConfiguration section */

/* Begin XCConfigurationList section */
		2C159AAF26B08225006B2111 /* Build configuration list for PBXProject "Detect-a-Beacon" */ = {
			isa = XCConfigurationList;
			buildConfigurations = (
				2C159AC626B08228006B2111 /* Debug */,
				2C159AC726B08228006B2111 /* Release */,
			);
			defaultConfigurationIsVisible = 0;
			defaultConfigurationName = Release;
		};
		2C159AC826B08228006B2111 /* Build configuration list for PBXNativeTarget "Detect-a-Beacon" */ = {
			isa = XCConfigurationList;
			buildConfigurations = (
				2C159AC926B08228006B2111 /* Debug */,
				2C159ACA26B08228006B2111 /* Release */,
			);
			defaultConfigurationIsVisible = 0;
			defaultConfigurationName = Release;
		};
/* End XCConfigurationList section */
	};
	rootObject = 2C159AAC26B08225006B2111 /* Project object */;
}
